// !$*UTF8*$!
{
	archiveVersion = 1;
	classes = {
	};
	objectVersion = 56;
	objects = {

/* Begin PBXBuildFile section */
		B327005F2B26761F0025D94C /* URLSessionHTTPClient.swift in Sources */ = {isa = PBXBuildFile; fileRef = B327005E2B26761F0025D94C /* URLSessionHTTPClient.swift */; };
		B327006A2B2691980025D94C /* EssentialFeedAPIEndToEndTests.swift in Sources */ = {isa = PBXBuildFile; fileRef = B32700692B2691980025D94C /* EssentialFeedAPIEndToEndTests.swift */; };
		B327006B2B2691980025D94C /* EssentialFeed.framework in Frameworks */ = {isa = PBXBuildFile; fileRef = B35D94972ADB4998005AAA42 /* EssentialFeed.framework */; };
		B32700712B27C0840025D94C /* XCTestCase+MemoryLeakTracking.swift in Sources */ = {isa = PBXBuildFile; fileRef = B39CDD142B1C34BB008FCC66 /* XCTestCase+MemoryLeakTracking.swift */; };
		B347D4962AFD82AF002C6817 /* LoadFeedFromRemoteUseCaseTests.swift in Sources */ = {isa = PBXBuildFile; fileRef = B347D4952AFD82AF002C6817 /* LoadFeedFromRemoteUseCaseTests.swift */; };
		B347D4992AFEC6E2002C6817 /* RemoteFeedLoader.swift in Sources */ = {isa = PBXBuildFile; fileRef = B347D4982AFEC6E2002C6817 /* RemoteFeedLoader.swift */; };
		B35D949C2ADB4998005AAA42 /* EssentialFeed.docc in Sources */ = {isa = PBXBuildFile; fileRef = B35D949B2ADB4998005AAA42 /* EssentialFeed.docc */; };
		B35D94A22ADB4998005AAA42 /* EssentialFeed.framework in Frameworks */ = {isa = PBXBuildFile; fileRef = B35D94972ADB4998005AAA42 /* EssentialFeed.framework */; };
		B35D94A72ADB4998005AAA42 /* EssentialFeedTests.swift in Sources */ = {isa = PBXBuildFile; fileRef = B35D94A62ADB4998005AAA42 /* EssentialFeedTests.swift */; };
		B35D94A82ADB4998005AAA42 /* EssentialFeed.h in Headers */ = {isa = PBXBuildFile; fileRef = B35D949A2ADB4998005AAA42 /* EssentialFeed.h */; settings = {ATTRIBUTES = (Public, ); }; };
		B35D94B42ADB6007005AAA42 /* FeedImage.swift in Sources */ = {isa = PBXBuildFile; fileRef = B35D94B32ADB6007005AAA42 /* FeedImage.swift */; };
		B35D94B62ADB60D9005AAA42 /* FeedLoader.swift in Sources */ = {isa = PBXBuildFile; fileRef = B35D94B52ADB60D9005AAA42 /* FeedLoader.swift */; };
		B39CDD0D2B197E2A008FCC66 /* HTTPClient.swift in Sources */ = {isa = PBXBuildFile; fileRef = B39CDD0C2B197E2A008FCC66 /* HTTPClient.swift */; };
		B39CDD0F2B197E8F008FCC66 /* FeedItemsMapper.swift in Sources */ = {isa = PBXBuildFile; fileRef = B39CDD0E2B197E8F008FCC66 /* FeedItemsMapper.swift */; };
		B39CDD122B1A8B61008FCC66 /* URLSessionHTTPClientTests.swift in Sources */ = {isa = PBXBuildFile; fileRef = B39CDD112B1A8B61008FCC66 /* URLSessionHTTPClientTests.swift */; };
		B39CDD152B1C34BB008FCC66 /* XCTestCase+MemoryLeakTracking.swift in Sources */ = {isa = PBXBuildFile; fileRef = B39CDD142B1C34BB008FCC66 /* XCTestCase+MemoryLeakTracking.swift */; };
		B3C086E72B2AAD3D009AFCA2 /* CacheFeedUseCaseTests.swift in Sources */ = {isa = PBXBuildFile; fileRef = B3C086E62B2AAD3D009AFCA2 /* CacheFeedUseCaseTests.swift */; };
		B3C086EA2B2BCC06009AFCA2 /* LocalFeedLoader.swift in Sources */ = {isa = PBXBuildFile; fileRef = B3C086E92B2BCC06009AFCA2 /* LocalFeedLoader.swift */; };
		B3C086EC2B2BCC8A009AFCA2 /* FeedStore.swift in Sources */ = {isa = PBXBuildFile; fileRef = B3C086EB2B2BCC8A009AFCA2 /* FeedStore.swift */; };
		B3C086EE2B2C0742009AFCA2 /* RemoteFeedItem.swift in Sources */ = {isa = PBXBuildFile; fileRef = B3C086ED2B2C0742009AFCA2 /* RemoteFeedItem.swift */; };
		B3C086F02B2C0794009AFCA2 /* LocalFeedImage.swift in Sources */ = {isa = PBXBuildFile; fileRef = B3C086EF2B2C0794009AFCA2 /* LocalFeedImage.swift */; };
		B3C086F22B2C0C96009AFCA2 /* LoadFeedFromCacheUseCaseTests.swift in Sources */ = {isa = PBXBuildFile; fileRef = B3C086F12B2C0C96009AFCA2 /* LoadFeedFromCacheUseCaseTests.swift */; };
		B3C086F52B2C0E23009AFCA2 /* FeedStoreSpy.swift in Sources */ = {isa = PBXBuildFile; fileRef = B3C086F42B2C0E23009AFCA2 /* FeedStoreSpy.swift */; };
		B3C086F72B2E3614009AFCA2 /* ValidateFeedCacheUseCaseTests.swift in Sources */ = {isa = PBXBuildFile; fileRef = B3C086F62B2E3614009AFCA2 /* ValidateFeedCacheUseCaseTests.swift */; };
		B3C086F92B2E3AB6009AFCA2 /* FeedCacheTestHelpers.swift in Sources */ = {isa = PBXBuildFile; fileRef = B3C086F82B2E3AB6009AFCA2 /* FeedCacheTestHelpers.swift */; };
		B3C086FB2B2E3B89009AFCA2 /* SharedTestHelpers.swift in Sources */ = {isa = PBXBuildFile; fileRef = B3C086FA2B2E3B89009AFCA2 /* SharedTestHelpers.swift */; };
		B3C086FD2B2E4C8E009AFCA2 /* FeedCachePolicy.swift in Sources */ = {isa = PBXBuildFile; fileRef = B3C086FC2B2E4C8E009AFCA2 /* FeedCachePolicy.swift */; };
		B3C086FF2B2E8F4B009AFCA2 /* CodableFeedStoreTests.swift in Sources */ = {isa = PBXBuildFile; fileRef = B3C086FE2B2E8F4B009AFCA2 /* CodableFeedStoreTests.swift */; };
		B3C087012B2FBC87009AFCA2 /* CodableFeedStore.swift in Sources */ = {isa = PBXBuildFile; fileRef = B3C087002B2FBC87009AFCA2 /* CodableFeedStore.swift */; };
		B3C087032B300477009AFCA2 /* FeedStoreSpecs.swift in Sources */ = {isa = PBXBuildFile; fileRef = B3C087022B300477009AFCA2 /* FeedStoreSpecs.swift */; };
		B3C087052B30050D009AFCA2 /* XCTestCase+FeedStoreSpecs.swift in Sources */ = {isa = PBXBuildFile; fileRef = B3C087042B30050D009AFCA2 /* XCTestCase+FeedStoreSpecs.swift */; };
		B3C0870D2B30EE12009AFCA2 /* EssentialFeedCacheIntegrationTests.swift in Sources */ = {isa = PBXBuildFile; fileRef = B3C0870C2B30EE12009AFCA2 /* EssentialFeedCacheIntegrationTests.swift */; };
		B3C0870E2B30EE12009AFCA2 /* EssentialFeed.framework in Frameworks */ = {isa = PBXBuildFile; fileRef = B35D94972ADB4998005AAA42 /* EssentialFeed.framework */; };
		B3C087162B30F087009AFCA2 /* XCTestCase+FailableRetrieveFeedStoreSpecs.swift in Sources */ = {isa = PBXBuildFile; fileRef = B3C087152B30F087009AFCA2 /* XCTestCase+FailableRetrieveFeedStoreSpecs.swift */; };
		B3C087182B30F157009AFCA2 /* XCTestCase+FailableInsertFeedStoreSpecs.swift in Sources */ = {isa = PBXBuildFile; fileRef = B3C087172B30F157009AFCA2 /* XCTestCase+FailableInsertFeedStoreSpecs.swift */; };
		B3C0871A2B30F1F1009AFCA2 /* XCTestCase+FailableDeleteFeedStoreSpecs.swift in Sources */ = {isa = PBXBuildFile; fileRef = B3C087192B30F1F1009AFCA2 /* XCTestCase+FailableDeleteFeedStoreSpecs.swift */; };
/* End PBXBuildFile section */

/* Begin PBXContainerItemProxy section */
		B327006C2B2691980025D94C /* PBXContainerItemProxy */ = {
			isa = PBXContainerItemProxy;
			containerPortal = B35D948E2ADB4998005AAA42 /* Project object */;
			proxyType = 1;
			remoteGlobalIDString = B35D94962ADB4998005AAA42;
			remoteInfo = EssentialFeed;
		};
		B35D94A32ADB4998005AAA42 /* PBXContainerItemProxy */ = {
			isa = PBXContainerItemProxy;
			containerPortal = B35D948E2ADB4998005AAA42 /* Project object */;
			proxyType = 1;
			remoteGlobalIDString = B35D94962ADB4998005AAA42;
			remoteInfo = EssentialFeed;
		};
		B3C0870F2B30EE12009AFCA2 /* PBXContainerItemProxy */ = {
			isa = PBXContainerItemProxy;
			containerPortal = B35D948E2ADB4998005AAA42 /* Project object */;
			proxyType = 1;
			remoteGlobalIDString = B35D94962ADB4998005AAA42;
			remoteInfo = EssentialFeed;
		};
/* End PBXContainerItemProxy section */

/* Begin PBXFileReference section */
		B327005E2B26761F0025D94C /* URLSessionHTTPClient.swift */ = {isa = PBXFileReference; lastKnownFileType = sourcecode.swift; path = URLSessionHTTPClient.swift; sourceTree = "<group>"; };
		B32700622B268E9A0025D94C /* EssentialFeed.xctestplan */ = {isa = PBXFileReference; lastKnownFileType = text; name = EssentialFeed.xctestplan; path = EssentialFeedTests/EssentialFeed.xctestplan; sourceTree = "<group>"; };
		B32700672B2691980025D94C /* EssentialFeedAPIEndToEndTests.xctest */ = {isa = PBXFileReference; explicitFileType = wrapper.cfbundle; includeInIndex = 0; path = EssentialFeedAPIEndToEndTests.xctest; sourceTree = BUILT_PRODUCTS_DIR; };
		B32700692B2691980025D94C /* EssentialFeedAPIEndToEndTests.swift */ = {isa = PBXFileReference; lastKnownFileType = sourcecode.swift; path = EssentialFeedAPIEndToEndTests.swift; sourceTree = "<group>"; };
		B32700722B27C28A0025D94C /* CI.xctestplan */ = {isa = PBXFileReference; lastKnownFileType = text; path = CI.xctestplan; sourceTree = "<group>"; };
		B347D4952AFD82AF002C6817 /* LoadFeedFromRemoteUseCaseTests.swift */ = {isa = PBXFileReference; lastKnownFileType = sourcecode.swift; path = LoadFeedFromRemoteUseCaseTests.swift; sourceTree = "<group>"; };
		B347D4982AFEC6E2002C6817 /* RemoteFeedLoader.swift */ = {isa = PBXFileReference; lastKnownFileType = sourcecode.swift; path = RemoteFeedLoader.swift; sourceTree = "<group>"; };
		B35D94972ADB4998005AAA42 /* EssentialFeed.framework */ = {isa = PBXFileReference; explicitFileType = wrapper.framework; includeInIndex = 0; path = EssentialFeed.framework; sourceTree = BUILT_PRODUCTS_DIR; };
		B35D949A2ADB4998005AAA42 /* EssentialFeed.h */ = {isa = PBXFileReference; lastKnownFileType = sourcecode.c.h; path = EssentialFeed.h; sourceTree = "<group>"; };
		B35D949B2ADB4998005AAA42 /* EssentialFeed.docc */ = {isa = PBXFileReference; lastKnownFileType = folder.documentationcatalog; path = EssentialFeed.docc; sourceTree = "<group>"; };
		B35D94A12ADB4998005AAA42 /* EssentialFeedTests.xctest */ = {isa = PBXFileReference; explicitFileType = wrapper.cfbundle; includeInIndex = 0; path = EssentialFeedTests.xctest; sourceTree = BUILT_PRODUCTS_DIR; };
		B35D94A62ADB4998005AAA42 /* EssentialFeedTests.swift */ = {isa = PBXFileReference; lastKnownFileType = sourcecode.swift; path = EssentialFeedTests.swift; sourceTree = "<group>"; };
		B35D94B32ADB6007005AAA42 /* FeedImage.swift */ = {isa = PBXFileReference; lastKnownFileType = sourcecode.swift; path = FeedImage.swift; sourceTree = "<group>"; };
		B35D94B52ADB60D9005AAA42 /* FeedLoader.swift */ = {isa = PBXFileReference; lastKnownFileType = sourcecode.swift; path = FeedLoader.swift; sourceTree = "<group>"; };
		B39CDD0C2B197E2A008FCC66 /* HTTPClient.swift */ = {isa = PBXFileReference; lastKnownFileType = sourcecode.swift; path = HTTPClient.swift; sourceTree = "<group>"; };
		B39CDD0E2B197E8F008FCC66 /* FeedItemsMapper.swift */ = {isa = PBXFileReference; lastKnownFileType = sourcecode.swift; path = FeedItemsMapper.swift; sourceTree = "<group>"; };
		B39CDD112B1A8B61008FCC66 /* URLSessionHTTPClientTests.swift */ = {isa = PBXFileReference; lastKnownFileType = sourcecode.swift; path = URLSessionHTTPClientTests.swift; sourceTree = "<group>"; };
		B39CDD142B1C34BB008FCC66 /* XCTestCase+MemoryLeakTracking.swift */ = {isa = PBXFileReference; lastKnownFileType = sourcecode.swift; path = "XCTestCase+MemoryLeakTracking.swift"; sourceTree = "<group>"; };
		B3C086E62B2AAD3D009AFCA2 /* CacheFeedUseCaseTests.swift */ = {isa = PBXFileReference; lastKnownFileType = sourcecode.swift; path = CacheFeedUseCaseTests.swift; sourceTree = "<group>"; };
		B3C086E92B2BCC06009AFCA2 /* LocalFeedLoader.swift */ = {isa = PBXFileReference; lastKnownFileType = sourcecode.swift; path = LocalFeedLoader.swift; sourceTree = "<group>"; };
		B3C086EB2B2BCC8A009AFCA2 /* FeedStore.swift */ = {isa = PBXFileReference; lastKnownFileType = sourcecode.swift; path = FeedStore.swift; sourceTree = "<group>"; };
		B3C086ED2B2C0742009AFCA2 /* RemoteFeedItem.swift */ = {isa = PBXFileReference; lastKnownFileType = sourcecode.swift; path = RemoteFeedItem.swift; sourceTree = "<group>"; };
		B3C086EF2B2C0794009AFCA2 /* LocalFeedImage.swift */ = {isa = PBXFileReference; lastKnownFileType = sourcecode.swift; path = LocalFeedImage.swift; sourceTree = "<group>"; };
		B3C086F12B2C0C96009AFCA2 /* LoadFeedFromCacheUseCaseTests.swift */ = {isa = PBXFileReference; lastKnownFileType = sourcecode.swift; path = LoadFeedFromCacheUseCaseTests.swift; sourceTree = "<group>"; };
		B3C086F42B2C0E23009AFCA2 /* FeedStoreSpy.swift */ = {isa = PBXFileReference; lastKnownFileType = sourcecode.swift; path = FeedStoreSpy.swift; sourceTree = "<group>"; };
		B3C086F62B2E3614009AFCA2 /* ValidateFeedCacheUseCaseTests.swift */ = {isa = PBXFileReference; lastKnownFileType = sourcecode.swift; path = ValidateFeedCacheUseCaseTests.swift; sourceTree = "<group>"; };
		B3C086F82B2E3AB6009AFCA2 /* FeedCacheTestHelpers.swift */ = {isa = PBXFileReference; lastKnownFileType = sourcecode.swift; path = FeedCacheTestHelpers.swift; sourceTree = "<group>"; };
		B3C086FA2B2E3B89009AFCA2 /* SharedTestHelpers.swift */ = {isa = PBXFileReference; lastKnownFileType = sourcecode.swift; path = SharedTestHelpers.swift; sourceTree = "<group>"; };
		B3C086FC2B2E4C8E009AFCA2 /* FeedCachePolicy.swift */ = {isa = PBXFileReference; lastKnownFileType = sourcecode.swift; path = FeedCachePolicy.swift; sourceTree = "<group>"; };
		B3C086FE2B2E8F4B009AFCA2 /* CodableFeedStoreTests.swift */ = {isa = PBXFileReference; lastKnownFileType = sourcecode.swift; path = CodableFeedStoreTests.swift; sourceTree = "<group>"; };
		B3C087002B2FBC87009AFCA2 /* CodableFeedStore.swift */ = {isa = PBXFileReference; lastKnownFileType = sourcecode.swift; path = CodableFeedStore.swift; sourceTree = "<group>"; };
		B3C087022B300477009AFCA2 /* FeedStoreSpecs.swift */ = {isa = PBXFileReference; lastKnownFileType = sourcecode.swift; path = FeedStoreSpecs.swift; sourceTree = "<group>"; };
		B3C087042B30050D009AFCA2 /* XCTestCase+FeedStoreSpecs.swift */ = {isa = PBXFileReference; lastKnownFileType = sourcecode.swift; path = "XCTestCase+FeedStoreSpecs.swift"; sourceTree = "<group>"; };
		B3C0870A2B30EE12009AFCA2 /* EssentialFeedCacheIntegrationTests.xctest */ = {isa = PBXFileReference; explicitFileType = wrapper.cfbundle; includeInIndex = 0; path = EssentialFeedCacheIntegrationTests.xctest; sourceTree = BUILT_PRODUCTS_DIR; };
		B3C0870C2B30EE12009AFCA2 /* EssentialFeedCacheIntegrationTests.swift */ = {isa = PBXFileReference; lastKnownFileType = sourcecode.swift; path = EssentialFeedCacheIntegrationTests.swift; sourceTree = "<group>"; };
		B3C087142B30EE47009AFCA2 /* EssentialFeedCacheIntegrationTests.xctestplan */ = {isa = PBXFileReference; lastKnownFileType = text; path = EssentialFeedCacheIntegrationTests.xctestplan; sourceTree = "<group>"; };
		B3C087152B30F087009AFCA2 /* XCTestCase+FailableRetrieveFeedStoreSpecs.swift */ = {isa = PBXFileReference; lastKnownFileType = sourcecode.swift; path = "XCTestCase+FailableRetrieveFeedStoreSpecs.swift"; sourceTree = "<group>"; };
		B3C087172B30F157009AFCA2 /* XCTestCase+FailableInsertFeedStoreSpecs.swift */ = {isa = PBXFileReference; lastKnownFileType = sourcecode.swift; path = "XCTestCase+FailableInsertFeedStoreSpecs.swift"; sourceTree = "<group>"; };
		B3C087192B30F1F1009AFCA2 /* XCTestCase+FailableDeleteFeedStoreSpecs.swift */ = {isa = PBXFileReference; lastKnownFileType = sourcecode.swift; path = "XCTestCase+FailableDeleteFeedStoreSpecs.swift"; sourceTree = "<group>"; };
/* End PBXFileReference section */

/* Begin PBXFrameworksBuildPhase section */
		B32700642B2691980025D94C /* Frameworks */ = {
			isa = PBXFrameworksBuildPhase;
			buildActionMask = 2147483647;
			files = (
				B327006B2B2691980025D94C /* EssentialFeed.framework in Frameworks */,
			);
			runOnlyForDeploymentPostprocessing = 0;
		};
		B35D94942ADB4998005AAA42 /* Frameworks */ = {
			isa = PBXFrameworksBuildPhase;
			buildActionMask = 2147483647;
			files = (
			);
			runOnlyForDeploymentPostprocessing = 0;
		};
		B35D949E2ADB4998005AAA42 /* Frameworks */ = {
			isa = PBXFrameworksBuildPhase;
			buildActionMask = 2147483647;
			files = (
				B35D94A22ADB4998005AAA42 /* EssentialFeed.framework in Frameworks */,
			);
			runOnlyForDeploymentPostprocessing = 0;
		};
		B3C087072B30EE12009AFCA2 /* Frameworks */ = {
			isa = PBXFrameworksBuildPhase;
			buildActionMask = 2147483647;
			files = (
				B3C0870E2B30EE12009AFCA2 /* EssentialFeed.framework in Frameworks */,
			);
			runOnlyForDeploymentPostprocessing = 0;
		};
/* End PBXFrameworksBuildPhase section */

/* Begin PBXGroup section */
		B32700682B2691980025D94C /* EssentialFeedAPIEndToEndTests */ = {
			isa = PBXGroup;
			children = (
				B32700692B2691980025D94C /* EssentialFeedAPIEndToEndTests.swift */,
			);
			path = EssentialFeedAPIEndToEndTests;
			sourceTree = "<group>";
		};
		B347D4972AFEC6C1002C6817 /* Feed API */ = {
			isa = PBXGroup;
			children = (
				B347D4982AFEC6E2002C6817 /* RemoteFeedLoader.swift */,
				B39CDD0E2B197E8F008FCC66 /* FeedItemsMapper.swift */,
				B39CDD0C2B197E2A008FCC66 /* HTTPClient.swift */,
				B327005E2B26761F0025D94C /* URLSessionHTTPClient.swift */,
				B3C086ED2B2C0742009AFCA2 /* RemoteFeedItem.swift */,
			);
			path = "Feed API";
			sourceTree = "<group>";
		};
		B35D948D2ADB4998005AAA42 = {
			isa = PBXGroup;
			children = (
				B3C087142B30EE47009AFCA2 /* EssentialFeedCacheIntegrationTests.xctestplan */,
				B32700722B27C28A0025D94C /* CI.xctestplan */,
				B32700622B268E9A0025D94C /* EssentialFeed.xctestplan */,
				B35D94992ADB4998005AAA42 /* EssentialFeed */,
				B35D94A52ADB4998005AAA42 /* EssentialFeedTests */,
				B32700682B2691980025D94C /* EssentialFeedAPIEndToEndTests */,
				B3C0870B2B30EE12009AFCA2 /* EssentialFeedCacheIntegrationTests */,
				B35D94982ADB4998005AAA42 /* Products */,
			);
			sourceTree = "<group>";
		};
		B35D94982ADB4998005AAA42 /* Products */ = {
			isa = PBXGroup;
			children = (
				B35D94972ADB4998005AAA42 /* EssentialFeed.framework */,
				B35D94A12ADB4998005AAA42 /* EssentialFeedTests.xctest */,
				B32700672B2691980025D94C /* EssentialFeedAPIEndToEndTests.xctest */,
				B3C0870A2B30EE12009AFCA2 /* EssentialFeedCacheIntegrationTests.xctest */,
			);
			name = Products;
			sourceTree = "<group>";
		};
		B35D94992ADB4998005AAA42 /* EssentialFeed */ = {
			isa = PBXGroup;
			children = (
				B3C086E82B2BCBEB009AFCA2 /* Feed Cache */,
				B347D4972AFEC6C1002C6817 /* Feed API */,
				B35D94B82ADB7B4D005AAA42 /* Feed Feature */,
				B35D949B2ADB4998005AAA42 /* EssentialFeed.docc */,
				B35D949A2ADB4998005AAA42 /* EssentialFeed.h */,
			);
			path = EssentialFeed;
			sourceTree = "<group>";
		};
		B35D94A52ADB4998005AAA42 /* EssentialFeedTests */ = {
			isa = PBXGroup;
			children = (
				B39CDD132B1C3476008FCC66 /* Helpers */,
				B3C086E52B2AACF9009AFCA2 /* Feed Cache */,
				B35D94A62ADB4998005AAA42 /* EssentialFeedTests.swift */,
				B39CDD102B19882D008FCC66 /* Feed API */,
			);
			path = EssentialFeedTests;
			sourceTree = "<group>";
		};
		B35D94B82ADB7B4D005AAA42 /* Feed Feature */ = {
			isa = PBXGroup;
			children = (
				B35D94B32ADB6007005AAA42 /* FeedImage.swift */,
				B35D94B52ADB60D9005AAA42 /* FeedLoader.swift */,
			);
			path = "Feed Feature";
			sourceTree = "<group>";
		};
		B39CDD102B19882D008FCC66 /* Feed API */ = {
			isa = PBXGroup;
			children = (
				B347D4952AFD82AF002C6817 /* LoadFeedFromRemoteUseCaseTests.swift */,
				B39CDD112B1A8B61008FCC66 /* URLSessionHTTPClientTests.swift */,
			);
			path = "Feed API";
			sourceTree = "<group>";
		};
		B39CDD132B1C3476008FCC66 /* Helpers */ = {
			isa = PBXGroup;
			children = (
				B39CDD142B1C34BB008FCC66 /* XCTestCase+MemoryLeakTracking.swift */,
				B3C086FA2B2E3B89009AFCA2 /* SharedTestHelpers.swift */,
			);
			path = Helpers;
			sourceTree = "<group>";
		};
		B3C086E52B2AACF9009AFCA2 /* Feed Cache */ = {
			isa = PBXGroup;
			children = (
				B3C086F32B2C0E0B009AFCA2 /* Helpers */,
				B3C086E62B2AAD3D009AFCA2 /* CacheFeedUseCaseTests.swift */,
				B3C086F12B2C0C96009AFCA2 /* LoadFeedFromCacheUseCaseTests.swift */,
				B3C086F62B2E3614009AFCA2 /* ValidateFeedCacheUseCaseTests.swift */,
				B3C086FE2B2E8F4B009AFCA2 /* CodableFeedStoreTests.swift */,
				B3C087022B300477009AFCA2 /* FeedStoreSpecs.swift */,
				B3C087042B30050D009AFCA2 /* XCTestCase+FeedStoreSpecs.swift */,
				B3C087152B30F087009AFCA2 /* XCTestCase+FailableRetrieveFeedStoreSpecs.swift */,
				B3C087172B30F157009AFCA2 /* XCTestCase+FailableInsertFeedStoreSpecs.swift */,
				B3C087192B30F1F1009AFCA2 /* XCTestCase+FailableDeleteFeedStoreSpecs.swift */,
			);
			path = "Feed Cache";
			sourceTree = "<group>";
		};
		B3C086E82B2BCBEB009AFCA2 /* Feed Cache */ = {
			isa = PBXGroup;
			children = (
				B3C086E92B2BCC06009AFCA2 /* LocalFeedLoader.swift */,
				B3C086EB2B2BCC8A009AFCA2 /* FeedStore.swift */,
				B3C086EF2B2C0794009AFCA2 /* LocalFeedImage.swift */,
				B3C086FC2B2E4C8E009AFCA2 /* FeedCachePolicy.swift */,
				B3C087002B2FBC87009AFCA2 /* CodableFeedStore.swift */,
			);
			path = "Feed Cache";
			sourceTree = "<group>";
		};
		B3C086F32B2C0E0B009AFCA2 /* Helpers */ = {
			isa = PBXGroup;
			children = (
				B3C086F42B2C0E23009AFCA2 /* FeedStoreSpy.swift */,
				B3C086F82B2E3AB6009AFCA2 /* FeedCacheTestHelpers.swift */,
			);
			path = Helpers;
			sourceTree = "<group>";
		};
		B3C0870B2B30EE12009AFCA2 /* EssentialFeedCacheIntegrationTests */ = {
			isa = PBXGroup;
			children = (
				B3C0870C2B30EE12009AFCA2 /* EssentialFeedCacheIntegrationTests.swift */,
			);
			path = EssentialFeedCacheIntegrationTests;
			sourceTree = "<group>";
		};
/* End PBXGroup section */

/* Begin PBXHeadersBuildPhase section */
		B35D94922ADB4998005AAA42 /* Headers */ = {
			isa = PBXHeadersBuildPhase;
			buildActionMask = 2147483647;
			files = (
				B35D94A82ADB4998005AAA42 /* EssentialFeed.h in Headers */,
			);
			runOnlyForDeploymentPostprocessing = 0;
		};
/* End PBXHeadersBuildPhase section */

/* Begin PBXNativeTarget section */
		B32700662B2691980025D94C /* EssentialFeedAPIEndToEndTests */ = {
			isa = PBXNativeTarget;
			buildConfigurationList = B327006E2B2691980025D94C /* Build configuration list for PBXNativeTarget "EssentialFeedAPIEndToEndTests" */;
			buildPhases = (
				B32700632B2691980025D94C /* Sources */,
				B32700642B2691980025D94C /* Frameworks */,
				B32700652B2691980025D94C /* Resources */,
			);
			buildRules = (
			);
			dependencies = (
				B327006D2B2691980025D94C /* PBXTargetDependency */,
			);
			name = EssentialFeedAPIEndToEndTests;
			productName = EssentialFeedAPIEndToEndTests;
			productReference = B32700672B2691980025D94C /* EssentialFeedAPIEndToEndTests.xctest */;
			productType = "com.apple.product-type.bundle.unit-test";
		};
		B35D94962ADB4998005AAA42 /* EssentialFeed */ = {
			isa = PBXNativeTarget;
			buildConfigurationList = B35D94AB2ADB4998005AAA42 /* Build configuration list for PBXNativeTarget "EssentialFeed" */;
			buildPhases = (
				B35D94922ADB4998005AAA42 /* Headers */,
				B35D94932ADB4998005AAA42 /* Sources */,
				B35D94942ADB4998005AAA42 /* Frameworks */,
				B35D94952ADB4998005AAA42 /* Resources */,
			);
			buildRules = (
			);
			dependencies = (
			);
			name = EssentialFeed;
			productName = EssentialFeed;
			productReference = B35D94972ADB4998005AAA42 /* EssentialFeed.framework */;
			productType = "com.apple.product-type.framework";
		};
		B35D94A02ADB4998005AAA42 /* EssentialFeedTests */ = {
			isa = PBXNativeTarget;
			buildConfigurationList = B35D94AE2ADB4998005AAA42 /* Build configuration list for PBXNativeTarget "EssentialFeedTests" */;
			buildPhases = (
				B35D949D2ADB4998005AAA42 /* Sources */,
				B35D949E2ADB4998005AAA42 /* Frameworks */,
				B35D949F2ADB4998005AAA42 /* Resources */,
			);
			buildRules = (
			);
			dependencies = (
				B35D94A42ADB4998005AAA42 /* PBXTargetDependency */,
			);
			name = EssentialFeedTests;
			productName = EssentialFeedTests;
			productReference = B35D94A12ADB4998005AAA42 /* EssentialFeedTests.xctest */;
			productType = "com.apple.product-type.bundle.unit-test";
		};
		B3C087092B30EE12009AFCA2 /* EssentialFeedCacheIntegrationTests */ = {
			isa = PBXNativeTarget;
			buildConfigurationList = B3C087112B30EE12009AFCA2 /* Build configuration list for PBXNativeTarget "EssentialFeedCacheIntegrationTests" */;
			buildPhases = (
				B3C087062B30EE12009AFCA2 /* Sources */,
				B3C087072B30EE12009AFCA2 /* Frameworks */,
				B3C087082B30EE12009AFCA2 /* Resources */,
			);
			buildRules = (
			);
			dependencies = (
				B3C087102B30EE12009AFCA2 /* PBXTargetDependency */,
			);
			name = EssentialFeedCacheIntegrationTests;
			productName = EssentialFeedCacheIntegrationTests;
			productReference = B3C0870A2B30EE12009AFCA2 /* EssentialFeedCacheIntegrationTests.xctest */;
			productType = "com.apple.product-type.bundle.unit-test";
		};
/* End PBXNativeTarget section */

/* Begin PBXProject section */
		B35D948E2ADB4998005AAA42 /* Project object */ = {
			isa = PBXProject;
			attributes = {
				BuildIndependentTargetsInParallel = 1;
				LastSwiftUpdateCheck = 1510;
				LastUpgradeCheck = 1500;
				TargetAttributes = {
					B32700662B2691980025D94C = {
						CreatedOnToolsVersion = 15.0.1;
					};
					B35D94962ADB4998005AAA42 = {
						CreatedOnToolsVersion = 15.0;
					};
					B35D94A02ADB4998005AAA42 = {
						CreatedOnToolsVersion = 15.0;
					};
					B3C087092B30EE12009AFCA2 = {
						CreatedOnToolsVersion = 15.1;
					};
				};
			};
			buildConfigurationList = B35D94912ADB4998005AAA42 /* Build configuration list for PBXProject "EssentialFeed" */;
			compatibilityVersion = "Xcode 14.0";
			developmentRegion = en;
			hasScannedForEncodings = 0;
			knownRegions = (
				en,
				Base,
			);
			mainGroup = B35D948D2ADB4998005AAA42;
			productRefGroup = B35D94982ADB4998005AAA42 /* Products */;
			projectDirPath = "";
			projectRoot = "";
			targets = (
				B35D94962ADB4998005AAA42 /* EssentialFeed */,
				B35D94A02ADB4998005AAA42 /* EssentialFeedTests */,
				B32700662B2691980025D94C /* EssentialFeedAPIEndToEndTests */,
				B3C087092B30EE12009AFCA2 /* EssentialFeedCacheIntegrationTests */,
			);
		};
/* End PBXProject section */

/* Begin PBXResourcesBuildPhase section */
		B32700652B2691980025D94C /* Resources */ = {
			isa = PBXResourcesBuildPhase;
			buildActionMask = 2147483647;
			files = (
			);
			runOnlyForDeploymentPostprocessing = 0;
		};
		B35D94952ADB4998005AAA42 /* Resources */ = {
			isa = PBXResourcesBuildPhase;
			buildActionMask = 2147483647;
			files = (
			);
			runOnlyForDeploymentPostprocessing = 0;
		};
		B35D949F2ADB4998005AAA42 /* Resources */ = {
			isa = PBXResourcesBuildPhase;
			buildActionMask = 2147483647;
			files = (
			);
			runOnlyForDeploymentPostprocessing = 0;
		};
		B3C087082B30EE12009AFCA2 /* Resources */ = {
			isa = PBXResourcesBuildPhase;
			buildActionMask = 2147483647;
			files = (
			);
			runOnlyForDeploymentPostprocessing = 0;
		};
/* End PBXResourcesBuildPhase section */

/* Begin PBXSourcesBuildPhase section */
		B32700632B2691980025D94C /* Sources */ = {
			isa = PBXSourcesBuildPhase;
			buildActionMask = 2147483647;
			files = (
				B327006A2B2691980025D94C /* EssentialFeedAPIEndToEndTests.swift in Sources */,
				B32700712B27C0840025D94C /* XCTestCase+MemoryLeakTracking.swift in Sources */,
			);
			runOnlyForDeploymentPostprocessing = 0;
		};
		B35D94932ADB4998005AAA42 /* Sources */ = {
			isa = PBXSourcesBuildPhase;
			buildActionMask = 2147483647;
			files = (
				B3C086F02B2C0794009AFCA2 /* LocalFeedImage.swift in Sources */,
				B3C086EC2B2BCC8A009AFCA2 /* FeedStore.swift in Sources */,
				B327005F2B26761F0025D94C /* URLSessionHTTPClient.swift in Sources */,
				B347D4992AFEC6E2002C6817 /* RemoteFeedLoader.swift in Sources */,
				B39CDD0D2B197E2A008FCC66 /* HTTPClient.swift in Sources */,
				B35D94B62ADB60D9005AAA42 /* FeedLoader.swift in Sources */,
				B39CDD0F2B197E8F008FCC66 /* FeedItemsMapper.swift in Sources */,
				B3C086EE2B2C0742009AFCA2 /* RemoteFeedItem.swift in Sources */,
				B3C087012B2FBC87009AFCA2 /* CodableFeedStore.swift in Sources */,
				B3C086FD2B2E4C8E009AFCA2 /* FeedCachePolicy.swift in Sources */,
				B35D94B42ADB6007005AAA42 /* FeedImage.swift in Sources */,
				B3C086EA2B2BCC06009AFCA2 /* LocalFeedLoader.swift in Sources */,
				B35D949C2ADB4998005AAA42 /* EssentialFeed.docc in Sources */,
			);
			runOnlyForDeploymentPostprocessing = 0;
		};
		B35D949D2ADB4998005AAA42 /* Sources */ = {
			isa = PBXSourcesBuildPhase;
			buildActionMask = 2147483647;
			files = (
				B3C087052B30050D009AFCA2 /* XCTestCase+FeedStoreSpecs.swift in Sources */,
				B3C086FF2B2E8F4B009AFCA2 /* CodableFeedStoreTests.swift in Sources */,
				B347D4962AFD82AF002C6817 /* LoadFeedFromRemoteUseCaseTests.swift in Sources */,
				B3C087162B30F087009AFCA2 /* XCTestCase+FailableRetrieveFeedStoreSpecs.swift in Sources */,
				B39CDD152B1C34BB008FCC66 /* XCTestCase+MemoryLeakTracking.swift in Sources */,
				B3C086FB2B2E3B89009AFCA2 /* SharedTestHelpers.swift in Sources */,
				B39CDD122B1A8B61008FCC66 /* URLSessionHTTPClientTests.swift in Sources */,
				B3C086E72B2AAD3D009AFCA2 /* CacheFeedUseCaseTests.swift in Sources */,
				B3C086F92B2E3AB6009AFCA2 /* FeedCacheTestHelpers.swift in Sources */,
				B3C086F72B2E3614009AFCA2 /* ValidateFeedCacheUseCaseTests.swift in Sources */,
				B3C086F52B2C0E23009AFCA2 /* FeedStoreSpy.swift in Sources */,
				B3C086F22B2C0C96009AFCA2 /* LoadFeedFromCacheUseCaseTests.swift in Sources */,
				B3C0871A2B30F1F1009AFCA2 /* XCTestCase+FailableDeleteFeedStoreSpecs.swift in Sources */,
				B3C087032B300477009AFCA2 /* FeedStoreSpecs.swift in Sources */,
				B35D94A72ADB4998005AAA42 /* EssentialFeedTests.swift in Sources */,
				B3C087182B30F157009AFCA2 /* XCTestCase+FailableInsertFeedStoreSpecs.swift in Sources */,
			);
			runOnlyForDeploymentPostprocessing = 0;
		};
		B3C087062B30EE12009AFCA2 /* Sources */ = {
			isa = PBXSourcesBuildPhase;
			buildActionMask = 2147483647;
			files = (
				B3C0870D2B30EE12009AFCA2 /* EssentialFeedCacheIntegrationTests.swift in Sources */,
			);
			runOnlyForDeploymentPostprocessing = 0;
		};
/* End PBXSourcesBuildPhase section */

/* Begin PBXTargetDependency section */
		B327006D2B2691980025D94C /* PBXTargetDependency */ = {
			isa = PBXTargetDependency;
			target = B35D94962ADB4998005AAA42 /* EssentialFeed */;
			targetProxy = B327006C2B2691980025D94C /* PBXContainerItemProxy */;
		};
		B35D94A42ADB4998005AAA42 /* PBXTargetDependency */ = {
			isa = PBXTargetDependency;
			target = B35D94962ADB4998005AAA42 /* EssentialFeed */;
			targetProxy = B35D94A32ADB4998005AAA42 /* PBXContainerItemProxy */;
		};
		B3C087102B30EE12009AFCA2 /* PBXTargetDependency */ = {
			isa = PBXTargetDependency;
			target = B35D94962ADB4998005AAA42 /* EssentialFeed */;
			targetProxy = B3C0870F2B30EE12009AFCA2 /* PBXContainerItemProxy */;
		};
/* End PBXTargetDependency section */

/* Begin XCBuildConfiguration section */
		B327006F2B2691980025D94C /* Debug */ = {
			isa = XCBuildConfiguration;
			buildSettings = {
				CODE_SIGN_STYLE = Automatic;
				CURRENT_PROJECT_VERSION = 1;
				DEVELOPMENT_TEAM = 5KNUB6Z8L9;
				GENERATE_INFOPLIST_FILE = YES;
				MACOSX_DEPLOYMENT_TARGET = 14.0;
				MARKETING_VERSION = 1.0;
				PRODUCT_BUNDLE_IDENTIFIER = jinz.EssentialFeedAPIEndToEndTests;
				PRODUCT_NAME = "$(TARGET_NAME)";
				SWIFT_EMIT_LOC_STRINGS = NO;
				SWIFT_VERSION = 5.0;
			};
			name = Debug;
		};
		B32700702B2691980025D94C /* Release */ = {
			isa = XCBuildConfiguration;
			buildSettings = {
				CODE_SIGN_STYLE = Automatic;
				CURRENT_PROJECT_VERSION = 1;
				DEVELOPMENT_TEAM = 5KNUB6Z8L9;
				GENERATE_INFOPLIST_FILE = YES;
				MACOSX_DEPLOYMENT_TARGET = 14.0;
				MARKETING_VERSION = 1.0;
				PRODUCT_BUNDLE_IDENTIFIER = jinz.EssentialFeedAPIEndToEndTests;
				PRODUCT_NAME = "$(TARGET_NAME)";
				SWIFT_EMIT_LOC_STRINGS = NO;
				SWIFT_VERSION = 5.0;
			};
			name = Release;
		};
		B35D94A92ADB4998005AAA42 /* Debug */ = {
			isa = XCBuildConfiguration;
			buildSettings = {
				ALWAYS_SEARCH_USER_PATHS = NO;
				ASSETCATALOG_COMPILER_GENERATE_SWIFT_ASSET_SYMBOL_EXTENSIONS = YES;
				CLANG_ANALYZER_NONNULL = YES;
				CLANG_ANALYZER_NUMBER_OBJECT_CONVERSION = YES_AGGRESSIVE;
				CLANG_CXX_LANGUAGE_STANDARD = "gnu++20";
				CLANG_ENABLE_MODULES = YES;
				CLANG_ENABLE_OBJC_ARC = YES;
				CLANG_ENABLE_OBJC_WEAK = YES;
				CLANG_WARN_BLOCK_CAPTURE_AUTORELEASING = YES;
				CLANG_WARN_BOOL_CONVERSION = YES;
				CLANG_WARN_COMMA = YES;
				CLANG_WARN_CONSTANT_CONVERSION = YES;
				CLANG_WARN_DEPRECATED_OBJC_IMPLEMENTATIONS = YES;
				CLANG_WARN_DIRECT_OBJC_ISA_USAGE = YES_ERROR;
				CLANG_WARN_DOCUMENTATION_COMMENTS = YES;
				CLANG_WARN_EMPTY_BODY = YES;
				CLANG_WARN_ENUM_CONVERSION = YES;
				CLANG_WARN_INFINITE_RECURSION = YES;
				CLANG_WARN_INT_CONVERSION = YES;
				CLANG_WARN_NON_LITERAL_NULL_CONVERSION = YES;
				CLANG_WARN_OBJC_IMPLICIT_RETAIN_SELF = YES;
				CLANG_WARN_OBJC_LITERAL_CONVERSION = YES;
				CLANG_WARN_OBJC_ROOT_CLASS = YES_ERROR;
				CLANG_WARN_QUOTED_INCLUDE_IN_FRAMEWORK_HEADER = YES;
				CLANG_WARN_RANGE_LOOP_ANALYSIS = YES;
				CLANG_WARN_STRICT_PROTOTYPES = YES;
				CLANG_WARN_SUSPICIOUS_MOVE = YES;
				CLANG_WARN_UNGUARDED_AVAILABILITY = YES_AGGRESSIVE;
				CLANG_WARN_UNREACHABLE_CODE = YES;
				CLANG_WARN__DUPLICATE_METHOD_MATCH = YES;
				COPY_PHASE_STRIP = NO;
				CURRENT_PROJECT_VERSION = 1;
				DEBUG_INFORMATION_FORMAT = dwarf;
				ENABLE_STRICT_OBJC_MSGSEND = YES;
				ENABLE_TESTABILITY = YES;
				ENABLE_USER_SCRIPT_SANDBOXING = YES;
				GCC_C_LANGUAGE_STANDARD = gnu17;
				GCC_DYNAMIC_NO_PIC = NO;
				GCC_NO_COMMON_BLOCKS = YES;
				GCC_OPTIMIZATION_LEVEL = 0;
				GCC_PREPROCESSOR_DEFINITIONS = (
					"DEBUG=1",
					"$(inherited)",
				);
				GCC_WARN_64_TO_32_BIT_CONVERSION = YES;
				GCC_WARN_ABOUT_RETURN_TYPE = YES_ERROR;
				GCC_WARN_UNDECLARED_SELECTOR = YES;
				GCC_WARN_UNINITIALIZED_AUTOS = YES_AGGRESSIVE;
				GCC_WARN_UNUSED_FUNCTION = YES;
				GCC_WARN_UNUSED_VARIABLE = YES;
				LOCALIZATION_PREFERS_STRING_CATALOGS = YES;
				MACOSX_DEPLOYMENT_TARGET = 13.5;
				MTL_ENABLE_DEBUG_INFO = INCLUDE_SOURCE;
				MTL_FAST_MATH = YES;
				ONLY_ACTIVE_ARCH = YES;
				SDKROOT = macosx;
				SWIFT_ACTIVE_COMPILATION_CONDITIONS = "DEBUG $(inherited)";
				SWIFT_OPTIMIZATION_LEVEL = "-Onone";
				VERSIONING_SYSTEM = "apple-generic";
				VERSION_INFO_PREFIX = "";
			};
			name = Debug;
		};
		B35D94AA2ADB4998005AAA42 /* Release */ = {
			isa = XCBuildConfiguration;
			buildSettings = {
				ALWAYS_SEARCH_USER_PATHS = NO;
				ASSETCATALOG_COMPILER_GENERATE_SWIFT_ASSET_SYMBOL_EXTENSIONS = YES;
				CLANG_ANALYZER_NONNULL = YES;
				CLANG_ANALYZER_NUMBER_OBJECT_CONVERSION = YES_AGGRESSIVE;
				CLANG_CXX_LANGUAGE_STANDARD = "gnu++20";
				CLANG_ENABLE_MODULES = YES;
				CLANG_ENABLE_OBJC_ARC = YES;
				CLANG_ENABLE_OBJC_WEAK = YES;
				CLANG_WARN_BLOCK_CAPTURE_AUTORELEASING = YES;
				CLANG_WARN_BOOL_CONVERSION = YES;
				CLANG_WARN_COMMA = YES;
				CLANG_WARN_CONSTANT_CONVERSION = YES;
				CLANG_WARN_DEPRECATED_OBJC_IMPLEMENTATIONS = YES;
				CLANG_WARN_DIRECT_OBJC_ISA_USAGE = YES_ERROR;
				CLANG_WARN_DOCUMENTATION_COMMENTS = YES;
				CLANG_WARN_EMPTY_BODY = YES;
				CLANG_WARN_ENUM_CONVERSION = YES;
				CLANG_WARN_INFINITE_RECURSION = YES;
				CLANG_WARN_INT_CONVERSION = YES;
				CLANG_WARN_NON_LITERAL_NULL_CONVERSION = YES;
				CLANG_WARN_OBJC_IMPLICIT_RETAIN_SELF = YES;
				CLANG_WARN_OBJC_LITERAL_CONVERSION = YES;
				CLANG_WARN_OBJC_ROOT_CLASS = YES_ERROR;
				CLANG_WARN_QUOTED_INCLUDE_IN_FRAMEWORK_HEADER = YES;
				CLANG_WARN_RANGE_LOOP_ANALYSIS = YES;
				CLANG_WARN_STRICT_PROTOTYPES = YES;
				CLANG_WARN_SUSPICIOUS_MOVE = YES;
				CLANG_WARN_UNGUARDED_AVAILABILITY = YES_AGGRESSIVE;
				CLANG_WARN_UNREACHABLE_CODE = YES;
				CLANG_WARN__DUPLICATE_METHOD_MATCH = YES;
				COPY_PHASE_STRIP = NO;
				CURRENT_PROJECT_VERSION = 1;
				DEBUG_INFORMATION_FORMAT = "dwarf-with-dsym";
				ENABLE_NS_ASSERTIONS = NO;
				ENABLE_STRICT_OBJC_MSGSEND = YES;
				ENABLE_USER_SCRIPT_SANDBOXING = YES;
				GCC_C_LANGUAGE_STANDARD = gnu17;
				GCC_NO_COMMON_BLOCKS = YES;
				GCC_WARN_64_TO_32_BIT_CONVERSION = YES;
				GCC_WARN_ABOUT_RETURN_TYPE = YES_ERROR;
				GCC_WARN_UNDECLARED_SELECTOR = YES;
				GCC_WARN_UNINITIALIZED_AUTOS = YES_AGGRESSIVE;
				GCC_WARN_UNUSED_FUNCTION = YES;
				GCC_WARN_UNUSED_VARIABLE = YES;
				LOCALIZATION_PREFERS_STRING_CATALOGS = YES;
				MACOSX_DEPLOYMENT_TARGET = 13.5;
				MTL_ENABLE_DEBUG_INFO = NO;
				MTL_FAST_MATH = YES;
				SDKROOT = macosx;
				SWIFT_COMPILATION_MODE = wholemodule;
				VERSIONING_SYSTEM = "apple-generic";
				VERSION_INFO_PREFIX = "";
			};
			name = Release;
		};
		B35D94AC2ADB4998005AAA42 /* Debug */ = {
			isa = XCBuildConfiguration;
			buildSettings = {
				CODE_SIGN_STYLE = Automatic;
				COMBINE_HIDPI_IMAGES = YES;
				CURRENT_PROJECT_VERSION = 1;
				DEFINES_MODULE = YES;
				DEVELOPMENT_TEAM = 5KNUB6Z8L9;
				DYLIB_COMPATIBILITY_VERSION = 1;
				DYLIB_CURRENT_VERSION = 1;
				DYLIB_INSTALL_NAME_BASE = "@rpath";
				ENABLE_MODULE_VERIFIER = YES;
				GENERATE_INFOPLIST_FILE = YES;
				INFOPLIST_KEY_NSHumanReadableCopyright = "";
				INSTALL_PATH = "$(LOCAL_LIBRARY_DIR)/Frameworks";
				LD_RUNPATH_SEARCH_PATHS = (
					"$(inherited)",
					"@executable_path/../Frameworks",
					"@loader_path/Frameworks",
				);
				MARKETING_VERSION = 1.0;
				MODULE_VERIFIER_SUPPORTED_LANGUAGES = "objective-c objective-c++";
				MODULE_VERIFIER_SUPPORTED_LANGUAGE_STANDARDS = "gnu17 gnu++20";
				PRODUCT_BUNDLE_IDENTIFIER = jinz.EssentialFeed;
				PRODUCT_NAME = "$(TARGET_NAME:c99extidentifier)";
				SKIP_INSTALL = YES;
				SWIFT_EMIT_LOC_STRINGS = YES;
				SWIFT_VERSION = 5.0;
			};
			name = Debug;
		};
		B35D94AD2ADB4998005AAA42 /* Release */ = {
			isa = XCBuildConfiguration;
			buildSettings = {
				CODE_SIGN_STYLE = Automatic;
				COMBINE_HIDPI_IMAGES = YES;
				CURRENT_PROJECT_VERSION = 1;
				DEFINES_MODULE = YES;
				DEVELOPMENT_TEAM = 5KNUB6Z8L9;
				DYLIB_COMPATIBILITY_VERSION = 1;
				DYLIB_CURRENT_VERSION = 1;
				DYLIB_INSTALL_NAME_BASE = "@rpath";
				ENABLE_MODULE_VERIFIER = YES;
				GENERATE_INFOPLIST_FILE = YES;
				INFOPLIST_KEY_NSHumanReadableCopyright = "";
				INSTALL_PATH = "$(LOCAL_LIBRARY_DIR)/Frameworks";
				LD_RUNPATH_SEARCH_PATHS = (
					"$(inherited)",
					"@executable_path/../Frameworks",
					"@loader_path/Frameworks",
				);
				MARKETING_VERSION = 1.0;
				MODULE_VERIFIER_SUPPORTED_LANGUAGES = "objective-c objective-c++";
				MODULE_VERIFIER_SUPPORTED_LANGUAGE_STANDARDS = "gnu17 gnu++20";
				PRODUCT_BUNDLE_IDENTIFIER = jinz.EssentialFeed;
				PRODUCT_NAME = "$(TARGET_NAME:c99extidentifier)";
				SKIP_INSTALL = YES;
				SWIFT_EMIT_LOC_STRINGS = YES;
				SWIFT_VERSION = 5.0;
			};
			name = Release;
		};
		B35D94AF2ADB4998005AAA42 /* Debug */ = {
			isa = XCBuildConfiguration;
			buildSettings = {
				ALWAYS_EMBED_SWIFT_STANDARD_LIBRARIES = YES;
				CODE_SIGN_STYLE = Automatic;
				CURRENT_PROJECT_VERSION = 1;
				DEVELOPMENT_TEAM = 5KNUB6Z8L9;
				GENERATE_INFOPLIST_FILE = YES;
				MARKETING_VERSION = 1.0;
				PRODUCT_BUNDLE_IDENTIFIER = jinz.EssentialFeedTests;
				PRODUCT_NAME = "$(TARGET_NAME)";
				SWIFT_EMIT_LOC_STRINGS = NO;
				SWIFT_VERSION = 5.0;
			};
			name = Debug;
		};
		B35D94B02ADB4998005AAA42 /* Release */ = {
			isa = XCBuildConfiguration;
			buildSettings = {
				ALWAYS_EMBED_SWIFT_STANDARD_LIBRARIES = YES;
				CODE_SIGN_STYLE = Automatic;
				CURRENT_PROJECT_VERSION = 1;
				DEVELOPMENT_TEAM = 5KNUB6Z8L9;
				GENERATE_INFOPLIST_FILE = YES;
				MARKETING_VERSION = 1.0;
				PRODUCT_BUNDLE_IDENTIFIER = jinz.EssentialFeedTests;
				PRODUCT_NAME = "$(TARGET_NAME)";
				SWIFT_EMIT_LOC_STRINGS = NO;
				SWIFT_VERSION = 5.0;
			};
			name = Release;
		};
		B3C087122B30EE12009AFCA2 /* Debug */ = {
			isa = XCBuildConfiguration;
			buildSettings = {
				CODE_SIGN_STYLE = Automatic;
				CURRENT_PROJECT_VERSION = 1;
				DEVELOPMENT_TEAM = 5KNUB6Z8L9;
				GENERATE_INFOPLIST_FILE = YES;
				MACOSX_DEPLOYMENT_TARGET = 14.2;
				MARKETING_VERSION = 1.0;
				PRODUCT_BUNDLE_IDENTIFIER = jinz.EssentialFeedCacheIntegrationTests;
				PRODUCT_NAME = "$(TARGET_NAME)";
				SWIFT_EMIT_LOC_STRINGS = NO;
				SWIFT_VERSION = 5.0;
			};
			name = Debug;
		};
		B3C087132B30EE12009AFCA2 /* Release */ = {
			isa = XCBuildConfiguration;
			buildSettings = {
				CODE_SIGN_STYLE = Automatic;
				CURRENT_PROJECT_VERSION = 1;
				DEVELOPMENT_TEAM = 5KNUB6Z8L9;
				GENERATE_INFOPLIST_FILE = YES;
				MACOSX_DEPLOYMENT_TARGET = 14.2;
				MARKETING_VERSION = 1.0;
				PRODUCT_BUNDLE_IDENTIFIER = jinz.EssentialFeedCacheIntegrationTests;
				PRODUCT_NAME = "$(TARGET_NAME)";
				SWIFT_EMIT_LOC_STRINGS = NO;
				SWIFT_VERSION = 5.0;
			};
			name = Release;
		};
/* End XCBuildConfiguration section */

/* Begin XCConfigurationList section */
		B327006E2B2691980025D94C /* Build configuration list for PBXNativeTarget "EssentialFeedAPIEndToEndTests" */ = {
			isa = XCConfigurationList;
			buildConfigurations = (
				B327006F2B2691980025D94C /* Debug */,
				B32700702B2691980025D94C /* Release */,
			);
			defaultConfigurationIsVisible = 0;
			defaultConfigurationName = Release;
		};
		B35D94912ADB4998005AAA42 /* Build configuration list for PBXProject "EssentialFeed" */ = {
			isa = XCConfigurationList;
			buildConfigurations = (
				B35D94A92ADB4998005AAA42 /* Debug */,
				B35D94AA2ADB4998005AAA42 /* Release */,
			);
			defaultConfigurationIsVisible = 0;
			defaultConfigurationName = Release;
		};
		B35D94AB2ADB4998005AAA42 /* Build configuration list for PBXNativeTarget "EssentialFeed" */ = {
			isa = XCConfigurationList;
			buildConfigurations = (
				B35D94AC2ADB4998005AAA42 /* Debug */,
				B35D94AD2ADB4998005AAA42 /* Release */,
			);
			defaultConfigurationIsVisible = 0;
			defaultConfigurationName = Release;
		};
		B35D94AE2ADB4998005AAA42 /* Build configuration list for PBXNativeTarget "EssentialFeedTests" */ = {
			isa = XCConfigurationList;
			buildConfigurations = (
				B35D94AF2ADB4998005AAA42 /* Debug */,
				B35D94B02ADB4998005AAA42 /* Release */,
			);
			defaultConfigurationIsVisible = 0;
			defaultConfigurationName = Release;
		};
		B3C087112B30EE12009AFCA2 /* Build configuration list for PBXNativeTarget "EssentialFeedCacheIntegrationTests" */ = {
			isa = XCConfigurationList;
			buildConfigurations = (
				B3C087122B30EE12009AFCA2 /* Debug */,
				B3C087132B30EE12009AFCA2 /* Release */,
			);
			defaultConfigurationIsVisible = 0;
			defaultConfigurationName = Release;
		};
/* End XCConfigurationList section */
	};
	rootObject = B35D948E2ADB4998005AAA42 /* Project object */;
}
