// !$*UTF8*$!
{
	archiveVersion = 1;
	classes = {
	};
	objectVersion = 56;
	objects = {

/* Begin PBXBuildFile section */
		B32144392B702B62009F2E59 /* FeedLoaderWithFallbackCompositeTests.swift in Sources */ = {isa = PBXBuildFile; fileRef = B32144382B702B62009F2E59 /* FeedLoaderWithFallbackCompositeTests.swift */; };
		B321443B2B703EAE009F2E59 /* FeedLoaderWithFallbackComposite.swift in Sources */ = {isa = PBXBuildFile; fileRef = B321443A2B703EAE009F2E59 /* FeedLoaderWithFallbackComposite.swift */; };
		B321443D2B703F80009F2E59 /* FeedImageDataLoaderWithFallbackCompositeTests.swift in Sources */ = {isa = PBXBuildFile; fileRef = B321443C2B703F80009F2E59 /* FeedImageDataLoaderWithFallbackCompositeTests.swift */; };
		B32144642B741093009F2E59 /* FeedImageDataLoaderWithFallbackComposite.swift in Sources */ = {isa = PBXBuildFile; fileRef = B32144632B741093009F2E59 /* FeedImageDataLoaderWithFallbackComposite.swift */; };
		B32144672B741140009F2E59 /* XCTestCase+MemoryLeakTracking.swift in Sources */ = {isa = PBXBuildFile; fileRef = B32144662B741140009F2E59 /* XCTestCase+MemoryLeakTracking.swift */; };
		B32144692B7411DD009F2E59 /* SharedTestHelpers.swift in Sources */ = {isa = PBXBuildFile; fileRef = B32144682B7411DD009F2E59 /* SharedTestHelpers.swift */; };
		B34713012C168CD400D9CFB7 /* FeedLoaderCacheDecoratorTests.swift in Sources */ = {isa = PBXBuildFile; fileRef = B34713002C168CD400D9CFB7 /* FeedLoaderCacheDecoratorTests.swift */; };
		B34713032C16981D00D9CFB7 /* FeedLoaderStub.swift in Sources */ = {isa = PBXBuildFile; fileRef = B34713022C16981D00D9CFB7 /* FeedLoaderStub.swift */; };
		B34713052C16998E00D9CFB7 /* XCTestCase+FeedLoader.swift in Sources */ = {isa = PBXBuildFile; fileRef = B34713042C16998E00D9CFB7 /* XCTestCase+FeedLoader.swift */; };
		B35504692C1A46A200C2443D /* FeedLoaderCacheDecorator.swift in Sources */ = {isa = PBXBuildFile; fileRef = B35504682C1A46A200C2443D /* FeedLoaderCacheDecorator.swift */; };
		B355046B2C1A473300C2443D /* FeedImageDataLoaderCacheDecoratorTests.swift in Sources */ = {isa = PBXBuildFile; fileRef = B355046A2C1A473300C2443D /* FeedImageDataLoaderCacheDecoratorTests.swift */; };
		B355046D2C1A478400C2443D /* FeedImageDataLoaderSpy.swift in Sources */ = {isa = PBXBuildFile; fileRef = B355046C2C1A478400C2443D /* FeedImageDataLoaderSpy.swift */; };
		B355046F2C1A483800C2443D /* XCTestCase+FeedImageDataLoader.swift in Sources */ = {isa = PBXBuildFile; fileRef = B355046E2C1A483800C2443D /* XCTestCase+FeedImageDataLoader.swift */; };
		B35504732C1A4EA800C2443D /* FeedImageDataLoaderCacheDecorator.swift in Sources */ = {isa = PBXBuildFile; fileRef = B35504722C1A4EA800C2443D /* FeedImageDataLoaderCacheDecorator.swift */; };
		B3C9C1E82B701FBF00C2BDC7 /* AppDelegate.swift in Sources */ = {isa = PBXBuildFile; fileRef = B3C9C1E72B701FBF00C2BDC7 /* AppDelegate.swift */; };
		B3C9C1EA2B701FBF00C2BDC7 /* SceneDelegate.swift in Sources */ = {isa = PBXBuildFile; fileRef = B3C9C1E92B701FBF00C2BDC7 /* SceneDelegate.swift */; };
		B3C9C1EC2B701FBF00C2BDC7 /* ViewController.swift in Sources */ = {isa = PBXBuildFile; fileRef = B3C9C1EB2B701FBF00C2BDC7 /* ViewController.swift */; };
		B3C9C1EF2B701FBF00C2BDC7 /* Main.storyboard in Resources */ = {isa = PBXBuildFile; fileRef = B3C9C1ED2B701FBF00C2BDC7 /* Main.storyboard */; };
		B3C9C1F12B701FC000C2BDC7 /* Assets.xcassets in Resources */ = {isa = PBXBuildFile; fileRef = B3C9C1F02B701FC000C2BDC7 /* Assets.xcassets */; };
		B3C9C1F42B701FC000C2BDC7 /* LaunchScreen.storyboard in Resources */ = {isa = PBXBuildFile; fileRef = B3C9C1F22B701FC000C2BDC7 /* LaunchScreen.storyboard */; };
		B3C9C2092B701FC000C2BDC7 /* EssentialAppUITests.swift in Sources */ = {isa = PBXBuildFile; fileRef = B3C9C2082B701FC000C2BDC7 /* EssentialAppUITests.swift */; };
		B3C9C21A2B70200500C2BDC7 /* EssentialFeed.framework in Frameworks */ = {isa = PBXBuildFile; fileRef = B3C9C2182B70200500C2BDC7 /* EssentialFeed.framework */; };
		B3C9C21B2B70200500C2BDC7 /* EssentialFeed.framework in Embed Frameworks */ = {isa = PBXBuildFile; fileRef = B3C9C2182B70200500C2BDC7 /* EssentialFeed.framework */; settings = {ATTRIBUTES = (CodeSignOnCopy, RemoveHeadersOnCopy, ); }; };
		B3C9C21C2B70200500C2BDC7 /* EssentialFeediOS.framework in Frameworks */ = {isa = PBXBuildFile; fileRef = B3C9C2192B70200500C2BDC7 /* EssentialFeediOS.framework */; };
		B3C9C21D2B70200500C2BDC7 /* EssentialFeediOS.framework in Embed Frameworks */ = {isa = PBXBuildFile; fileRef = B3C9C2192B70200500C2BDC7 /* EssentialFeediOS.framework */; settings = {ATTRIBUTES = (CodeSignOnCopy, RemoveHeadersOnCopy, ); }; };
		B3EA7D242C1BC409009916B1 /* SceneDelegateTests.swift in Sources */ = {isa = PBXBuildFile; fileRef = B3EA7D232C1BC409009916B1 /* SceneDelegateTests.swift */; };
		B3EA7D2B2C1BCF97009916B1 /* FeedUIComposer.swift in Sources */ = {isa = PBXBuildFile; fileRef = B3EA7D292C1BCF97009916B1 /* FeedUIComposer.swift */; };
		B3EA7D2C2C1BCF97009916B1 /* MainQueueDispatchDecorator.swift in Sources */ = {isa = PBXBuildFile; fileRef = B3EA7D272C1BCF97009916B1 /* MainQueueDispatchDecorator.swift */; };
		B3EA7D2D2C1BCF97009916B1 /* FeedLoaderPresentationAdapter.swift in Sources */ = {isa = PBXBuildFile; fileRef = B3EA7D2A2C1BCF97009916B1 /* FeedLoaderPresentationAdapter.swift */; };
		B3EA7D2E2C1BCF97009916B1 /* WeakRefVirtualProxy.swift in Sources */ = {isa = PBXBuildFile; fileRef = B3EA7D282C1BCF97009916B1 /* WeakRefVirtualProxy.swift */; };
		B3EA7D2F2C1BCF97009916B1 /* FeedImageDataLoaderPresentationAdapter.swift in Sources */ = {isa = PBXBuildFile; fileRef = B3EA7D262C1BCF97009916B1 /* FeedImageDataLoaderPresentationAdapter.swift */; };
		B3EA7D302C1BCF97009916B1 /* FeedViewAdapter.swift in Sources */ = {isa = PBXBuildFile; fileRef = B3EA7D252C1BCF97009916B1 /* FeedViewAdapter.swift */; };
		B3EA7D3A2C1BCFD1009916B1 /* UIImage+TestHelpers.swift in Sources */ = {isa = PBXBuildFile; fileRef = B3EA7D312C1BCFD1009916B1 /* UIImage+TestHelpers.swift */; };
		B3EA7D3B2C1BCFD1009916B1 /* UIControl+TestHelpers.swift in Sources */ = {isa = PBXBuildFile; fileRef = B3EA7D332C1BCFD1009916B1 /* UIControl+TestHelpers.swift */; };
		B3EA7D3C2C1BCFD1009916B1 /* UIRefreshControl+TestHelpers.swift in Sources */ = {isa = PBXBuildFile; fileRef = B3EA7D322C1BCFD1009916B1 /* UIRefreshControl+TestHelpers.swift */; };
		B3EA7D3D2C1BCFD1009916B1 /* FeedViewControllerTests+LoaderSpy.swift in Sources */ = {isa = PBXBuildFile; fileRef = B3EA7D382C1BCFD1009916B1 /* FeedViewControllerTests+LoaderSpy.swift */; };
		B3EA7D3E2C1BCFD1009916B1 /* FeedViewControllerTests+Assertions.swift in Sources */ = {isa = PBXBuildFile; fileRef = B3EA7D372C1BCFD1009916B1 /* FeedViewControllerTests+Assertions.swift */; };
		B3EA7D3F2C1BCFD1009916B1 /* UIButton+TestHelpers.swift in Sources */ = {isa = PBXBuildFile; fileRef = B3EA7D362C1BCFD1009916B1 /* UIButton+TestHelpers.swift */; };
		B3EA7D402C1BCFD1009916B1 /* FeedViewControllerTests+Localization.swift in Sources */ = {isa = PBXBuildFile; fileRef = B3EA7D392C1BCFD1009916B1 /* FeedViewControllerTests+Localization.swift */; };
		B3EA7D412C1BCFD1009916B1 /* FeedViewController+TestHelpers.swift in Sources */ = {isa = PBXBuildFile; fileRef = B3EA7D352C1BCFD1009916B1 /* FeedViewController+TestHelpers.swift */; };
		B3EA7D422C1BCFD1009916B1 /* FeedImageCell+TestHelpers.swift in Sources */ = {isa = PBXBuildFile; fileRef = B3EA7D342C1BCFD1009916B1 /* FeedImageCell+TestHelpers.swift */; };
		B3EA7D442C1BCFEC009916B1 /* FeedUIIntegrationTests.swift in Sources */ = {isa = PBXBuildFile; fileRef = B3EA7D432C1BCFEC009916B1 /* FeedUIIntegrationTests.swift */; };
		B3EA7D462C1BD216009916B1 /* FeedAcceptanceTests.swift in Sources */ = {isa = PBXBuildFile; fileRef = B3EA7D452C1BD216009916B1 /* FeedAcceptanceTests.swift */; };
		B3EA7D482C1BDE58009916B1 /* HTTPClientStub.swift in Sources */ = {isa = PBXBuildFile; fileRef = B3EA7D472C1BDE58009916B1 /* HTTPClientStub.swift */; };
		B3EA7D4A2C1BDE9A009916B1 /* InMemoryFeedStore.swift in Sources */ = {isa = PBXBuildFile; fileRef = B3EA7D492C1BDE9A009916B1 /* InMemoryFeedStore.swift */; };
		B3EA7D572C1CFE6C009916B1 /* UIView+TestHelpers.swift in Sources */ = {isa = PBXBuildFile; fileRef = B3EA7D562C1CFE6C009916B1 /* UIView+TestHelpers.swift */; };
/* End PBXBuildFile section */

/* Begin PBXContainerItemProxy section */
		B3C9C1FB2B701FC000C2BDC7 /* PBXContainerItemProxy */ = {
			isa = PBXContainerItemProxy;
			containerPortal = B3C9C1DC2B701FBF00C2BDC7 /* Project object */;
			proxyType = 1;
			remoteGlobalIDString = B3C9C1E32B701FBF00C2BDC7;
			remoteInfo = EssentialApp;
		};
		B3C9C2052B701FC000C2BDC7 /* PBXContainerItemProxy */ = {
			isa = PBXContainerItemProxy;
			containerPortal = B3C9C1DC2B701FBF00C2BDC7 /* Project object */;
			proxyType = 1;
			remoteGlobalIDString = B3C9C1E32B701FBF00C2BDC7;
			remoteInfo = EssentialApp;
		};
/* End PBXContainerItemProxy section */

/* Begin PBXCopyFilesBuildPhase section */
		B3C9C21E2B70200500C2BDC7 /* Embed Frameworks */ = {
			isa = PBXCopyFilesBuildPhase;
			buildActionMask = 2147483647;
			dstPath = "";
			dstSubfolderSpec = 10;
			files = (
				B3C9C21B2B70200500C2BDC7 /* EssentialFeed.framework in Embed Frameworks */,
				B3C9C21D2B70200500C2BDC7 /* EssentialFeediOS.framework in Embed Frameworks */,
			);
			name = "Embed Frameworks";
			runOnlyForDeploymentPostprocessing = 0;
		};
/* End PBXCopyFilesBuildPhase section */

/* Begin PBXFileReference section */
		B32144382B702B62009F2E59 /* FeedLoaderWithFallbackCompositeTests.swift */ = {isa = PBXFileReference; lastKnownFileType = sourcecode.swift; path = FeedLoaderWithFallbackCompositeTests.swift; sourceTree = "<group>"; };
		B321443A2B703EAE009F2E59 /* FeedLoaderWithFallbackComposite.swift */ = {isa = PBXFileReference; lastKnownFileType = sourcecode.swift; path = FeedLoaderWithFallbackComposite.swift; sourceTree = "<group>"; };
		B321443C2B703F80009F2E59 /* FeedImageDataLoaderWithFallbackCompositeTests.swift */ = {isa = PBXFileReference; lastKnownFileType = sourcecode.swift; path = FeedImageDataLoaderWithFallbackCompositeTests.swift; sourceTree = "<group>"; };
		B32144632B741093009F2E59 /* FeedImageDataLoaderWithFallbackComposite.swift */ = {isa = PBXFileReference; lastKnownFileType = sourcecode.swift; path = FeedImageDataLoaderWithFallbackComposite.swift; sourceTree = "<group>"; };
		B32144662B741140009F2E59 /* XCTestCase+MemoryLeakTracking.swift */ = {isa = PBXFileReference; lastKnownFileType = sourcecode.swift; path = "XCTestCase+MemoryLeakTracking.swift"; sourceTree = "<group>"; };
		B32144682B7411DD009F2E59 /* SharedTestHelpers.swift */ = {isa = PBXFileReference; lastKnownFileType = sourcecode.swift; path = SharedTestHelpers.swift; sourceTree = "<group>"; };
		B34713002C168CD400D9CFB7 /* FeedLoaderCacheDecoratorTests.swift */ = {isa = PBXFileReference; lastKnownFileType = sourcecode.swift; path = FeedLoaderCacheDecoratorTests.swift; sourceTree = "<group>"; };
		B34713022C16981D00D9CFB7 /* FeedLoaderStub.swift */ = {isa = PBXFileReference; lastKnownFileType = sourcecode.swift; path = FeedLoaderStub.swift; sourceTree = "<group>"; };
		B34713042C16998E00D9CFB7 /* XCTestCase+FeedLoader.swift */ = {isa = PBXFileReference; lastKnownFileType = sourcecode.swift; path = "XCTestCase+FeedLoader.swift"; sourceTree = "<group>"; };
		B35504682C1A46A200C2443D /* FeedLoaderCacheDecorator.swift */ = {isa = PBXFileReference; lastKnownFileType = sourcecode.swift; path = FeedLoaderCacheDecorator.swift; sourceTree = "<group>"; };
		B355046A2C1A473300C2443D /* FeedImageDataLoaderCacheDecoratorTests.swift */ = {isa = PBXFileReference; lastKnownFileType = sourcecode.swift; path = FeedImageDataLoaderCacheDecoratorTests.swift; sourceTree = "<group>"; };
		B355046C2C1A478400C2443D /* FeedImageDataLoaderSpy.swift */ = {isa = PBXFileReference; lastKnownFileType = sourcecode.swift; path = FeedImageDataLoaderSpy.swift; sourceTree = "<group>"; };
		B355046E2C1A483800C2443D /* XCTestCase+FeedImageDataLoader.swift */ = {isa = PBXFileReference; lastKnownFileType = sourcecode.swift; path = "XCTestCase+FeedImageDataLoader.swift"; sourceTree = "<group>"; };
		B35504722C1A4EA800C2443D /* FeedImageDataLoaderCacheDecorator.swift */ = {isa = PBXFileReference; lastKnownFileType = sourcecode.swift; path = FeedImageDataLoaderCacheDecorator.swift; sourceTree = "<group>"; };
		B3C9C1E42B701FBF00C2BDC7 /* EssentialApp.app */ = {isa = PBXFileReference; explicitFileType = wrapper.application; includeInIndex = 0; path = EssentialApp.app; sourceTree = BUILT_PRODUCTS_DIR; };
		B3C9C1E72B701FBF00C2BDC7 /* AppDelegate.swift */ = {isa = PBXFileReference; lastKnownFileType = sourcecode.swift; path = AppDelegate.swift; sourceTree = "<group>"; };
		B3C9C1E92B701FBF00C2BDC7 /* SceneDelegate.swift */ = {isa = PBXFileReference; lastKnownFileType = sourcecode.swift; path = SceneDelegate.swift; sourceTree = "<group>"; };
		B3C9C1EB2B701FBF00C2BDC7 /* ViewController.swift */ = {isa = PBXFileReference; lastKnownFileType = sourcecode.swift; path = ViewController.swift; sourceTree = "<group>"; };
		B3C9C1EE2B701FBF00C2BDC7 /* Base */ = {isa = PBXFileReference; lastKnownFileType = file.storyboard; name = Base; path = Base.lproj/Main.storyboard; sourceTree = "<group>"; };
		B3C9C1F02B701FC000C2BDC7 /* Assets.xcassets */ = {isa = PBXFileReference; lastKnownFileType = folder.assetcatalog; path = Assets.xcassets; sourceTree = "<group>"; };
		B3C9C1F32B701FC000C2BDC7 /* Base */ = {isa = PBXFileReference; lastKnownFileType = file.storyboard; name = Base; path = Base.lproj/LaunchScreen.storyboard; sourceTree = "<group>"; };
		B3C9C1F52B701FC000C2BDC7 /* Info.plist */ = {isa = PBXFileReference; lastKnownFileType = text.plist.xml; path = Info.plist; sourceTree = "<group>"; };
		B3C9C1FA2B701FC000C2BDC7 /* EssentialAppTests.xctest */ = {isa = PBXFileReference; explicitFileType = wrapper.cfbundle; includeInIndex = 0; path = EssentialAppTests.xctest; sourceTree = BUILT_PRODUCTS_DIR; };
		B3C9C2042B701FC000C2BDC7 /* EssentialAppUITests.xctest */ = {isa = PBXFileReference; explicitFileType = wrapper.cfbundle; includeInIndex = 0; path = EssentialAppUITests.xctest; sourceTree = BUILT_PRODUCTS_DIR; };
		B3C9C2082B701FC000C2BDC7 /* EssentialAppUITests.swift */ = {isa = PBXFileReference; lastKnownFileType = sourcecode.swift; path = EssentialAppUITests.swift; sourceTree = "<group>"; };
		B3C9C2182B70200500C2BDC7 /* EssentialFeed.framework */ = {isa = PBXFileReference; explicitFileType = wrapper.framework; path = EssentialFeed.framework; sourceTree = BUILT_PRODUCTS_DIR; };
		B3C9C2192B70200500C2BDC7 /* EssentialFeediOS.framework */ = {isa = PBXFileReference; explicitFileType = wrapper.framework; path = EssentialFeediOS.framework; sourceTree = BUILT_PRODUCTS_DIR; };
		B3EA7D232C1BC409009916B1 /* SceneDelegateTests.swift */ = {isa = PBXFileReference; lastKnownFileType = sourcecode.swift; path = SceneDelegateTests.swift; sourceTree = "<group>"; };
		B3EA7D252C1BCF97009916B1 /* FeedViewAdapter.swift */ = {isa = PBXFileReference; lastKnownFileType = sourcecode.swift; path = FeedViewAdapter.swift; sourceTree = "<group>"; };
		B3EA7D262C1BCF97009916B1 /* FeedImageDataLoaderPresentationAdapter.swift */ = {isa = PBXFileReference; lastKnownFileType = sourcecode.swift; path = FeedImageDataLoaderPresentationAdapter.swift; sourceTree = "<group>"; };
		B3EA7D272C1BCF97009916B1 /* MainQueueDispatchDecorator.swift */ = {isa = PBXFileReference; lastKnownFileType = sourcecode.swift; path = MainQueueDispatchDecorator.swift; sourceTree = "<group>"; };
		B3EA7D282C1BCF97009916B1 /* WeakRefVirtualProxy.swift */ = {isa = PBXFileReference; lastKnownFileType = sourcecode.swift; path = WeakRefVirtualProxy.swift; sourceTree = "<group>"; };
		B3EA7D292C1BCF97009916B1 /* FeedUIComposer.swift */ = {isa = PBXFileReference; lastKnownFileType = sourcecode.swift; path = FeedUIComposer.swift; sourceTree = "<group>"; };
		B3EA7D2A2C1BCF97009916B1 /* FeedLoaderPresentationAdapter.swift */ = {isa = PBXFileReference; lastKnownFileType = sourcecode.swift; path = FeedLoaderPresentationAdapter.swift; sourceTree = "<group>"; };
		B3EA7D312C1BCFD1009916B1 /* UIImage+TestHelpers.swift */ = {isa = PBXFileReference; lastKnownFileType = sourcecode.swift; path = "UIImage+TestHelpers.swift"; sourceTree = "<group>"; };
		B3EA7D322C1BCFD1009916B1 /* UIRefreshControl+TestHelpers.swift */ = {isa = PBXFileReference; lastKnownFileType = sourcecode.swift; path = "UIRefreshControl+TestHelpers.swift"; sourceTree = "<group>"; };
		B3EA7D332C1BCFD1009916B1 /* UIControl+TestHelpers.swift */ = {isa = PBXFileReference; lastKnownFileType = sourcecode.swift; path = "UIControl+TestHelpers.swift"; sourceTree = "<group>"; };
		B3EA7D342C1BCFD1009916B1 /* FeedImageCell+TestHelpers.swift */ = {isa = PBXFileReference; lastKnownFileType = sourcecode.swift; path = "FeedImageCell+TestHelpers.swift"; sourceTree = "<group>"; };
		B3EA7D352C1BCFD1009916B1 /* FeedViewController+TestHelpers.swift */ = {isa = PBXFileReference; lastKnownFileType = sourcecode.swift; path = "FeedViewController+TestHelpers.swift"; sourceTree = "<group>"; };
		B3EA7D362C1BCFD1009916B1 /* UIButton+TestHelpers.swift */ = {isa = PBXFileReference; lastKnownFileType = sourcecode.swift; path = "UIButton+TestHelpers.swift"; sourceTree = "<group>"; };
		B3EA7D372C1BCFD1009916B1 /* FeedViewControllerTests+Assertions.swift */ = {isa = PBXFileReference; lastKnownFileType = sourcecode.swift; path = "FeedViewControllerTests+Assertions.swift"; sourceTree = "<group>"; };
		B3EA7D382C1BCFD1009916B1 /* FeedViewControllerTests+LoaderSpy.swift */ = {isa = PBXFileReference; lastKnownFileType = sourcecode.swift; path = "FeedViewControllerTests+LoaderSpy.swift"; sourceTree = "<group>"; };
		B3EA7D392C1BCFD1009916B1 /* FeedViewControllerTests+Localization.swift */ = {isa = PBXFileReference; lastKnownFileType = sourcecode.swift; path = "FeedViewControllerTests+Localization.swift"; sourceTree = "<group>"; };
		B3EA7D432C1BCFEC009916B1 /* FeedUIIntegrationTests.swift */ = {isa = PBXFileReference; lastKnownFileType = sourcecode.swift; path = FeedUIIntegrationTests.swift; sourceTree = "<group>"; };
		B3EA7D452C1BD216009916B1 /* FeedAcceptanceTests.swift */ = {isa = PBXFileReference; lastKnownFileType = sourcecode.swift; path = FeedAcceptanceTests.swift; sourceTree = "<group>"; };
		B3EA7D472C1BDE58009916B1 /* HTTPClientStub.swift */ = {isa = PBXFileReference; lastKnownFileType = sourcecode.swift; path = HTTPClientStub.swift; sourceTree = "<group>"; };
		B3EA7D492C1BDE9A009916B1 /* InMemoryFeedStore.swift */ = {isa = PBXFileReference; lastKnownFileType = sourcecode.swift; path = InMemoryFeedStore.swift; sourceTree = "<group>"; };
		B3EA7D562C1CFE6C009916B1 /* UIView+TestHelpers.swift */ = {isa = PBXFileReference; lastKnownFileType = sourcecode.swift; path = "UIView+TestHelpers.swift"; sourceTree = "<group>"; };
/* End PBXFileReference section */

/* Begin PBXFrameworksBuildPhase section */
		B3C9C1E12B701FBF00C2BDC7 /* Frameworks */ = {
			isa = PBXFrameworksBuildPhase;
			buildActionMask = 2147483647;
			files = (
				B3C9C21A2B70200500C2BDC7 /* EssentialFeed.framework in Frameworks */,
				B3C9C21C2B70200500C2BDC7 /* EssentialFeediOS.framework in Frameworks */,
			);
			runOnlyForDeploymentPostprocessing = 0;
		};
		B3C9C1F72B701FC000C2BDC7 /* Frameworks */ = {
			isa = PBXFrameworksBuildPhase;
			buildActionMask = 2147483647;
			files = (
			);
			runOnlyForDeploymentPostprocessing = 0;
		};
		B3C9C2012B701FC000C2BDC7 /* Frameworks */ = {
			isa = PBXFrameworksBuildPhase;
			buildActionMask = 2147483647;
			files = (
			);
			runOnlyForDeploymentPostprocessing = 0;
		};
/* End PBXFrameworksBuildPhase section */

/* Begin PBXGroup section */
		B32144652B741136009F2E59 /* Helpers */ = {
			isa = PBXGroup;
			children = (
				B3EA7D352C1BCFD1009916B1 /* FeedViewController+TestHelpers.swift */,
				B3EA7D342C1BCFD1009916B1 /* FeedImageCell+TestHelpers.swift */,
				B3EA7D382C1BCFD1009916B1 /* FeedViewControllerTests+LoaderSpy.swift */,
				B3EA7D372C1BCFD1009916B1 /* FeedViewControllerTests+Assertions.swift */,
				B3EA7D392C1BCFD1009916B1 /* FeedViewControllerTests+Localization.swift */,
				B3EA7D312C1BCFD1009916B1 /* UIImage+TestHelpers.swift */,
				B3EA7D322C1BCFD1009916B1 /* UIRefreshControl+TestHelpers.swift */,
				B3EA7D362C1BCFD1009916B1 /* UIButton+TestHelpers.swift */,
				B3EA7D332C1BCFD1009916B1 /* UIControl+TestHelpers.swift */,
				B32144662B741140009F2E59 /* XCTestCase+MemoryLeakTracking.swift */,
				B32144682B7411DD009F2E59 /* SharedTestHelpers.swift */,
				B34713022C16981D00D9CFB7 /* FeedLoaderStub.swift */,
				B34713042C16998E00D9CFB7 /* XCTestCase+FeedLoader.swift */,
				B355046C2C1A478400C2443D /* FeedImageDataLoaderSpy.swift */,
				B355046E2C1A483800C2443D /* XCTestCase+FeedImageDataLoader.swift */,
				B3EA7D472C1BDE58009916B1 /* HTTPClientStub.swift */,
				B3EA7D492C1BDE9A009916B1 /* InMemoryFeedStore.swift */,
				B3EA7D562C1CFE6C009916B1 /* UIView+TestHelpers.swift */,
			);
			path = Helpers;
			sourceTree = "<group>";
		};
		B3C9C1DB2B701FBF00C2BDC7 = {
			isa = PBXGroup;
			children = (
				B3C9C1E62B701FBF00C2BDC7 /* EssentialApp */,
				B3C9C1FD2B701FC000C2BDC7 /* EssentialAppTests */,
				B3C9C2072B701FC000C2BDC7 /* EssentialAppUITests */,
				B3C9C1E52B701FBF00C2BDC7 /* Products */,
				B3C9C2172B70200500C2BDC7 /* Frameworks */,
			);
			sourceTree = "<group>";
		};
		B3C9C1E52B701FBF00C2BDC7 /* Products */ = {
			isa = PBXGroup;
			children = (
				B3C9C1E42B701FBF00C2BDC7 /* EssentialApp.app */,
				B3C9C1FA2B701FC000C2BDC7 /* EssentialAppTests.xctest */,
				B3C9C2042B701FC000C2BDC7 /* EssentialAppUITests.xctest */,
			);
			name = Products;
			sourceTree = "<group>";
		};
		B3C9C1E62B701FBF00C2BDC7 /* EssentialApp */ = {
			isa = PBXGroup;
			children = (
				B3EA7D292C1BCF97009916B1 /* FeedUIComposer.swift */,
				B3EA7D272C1BCF97009916B1 /* MainQueueDispatchDecorator.swift */,
				B3EA7D282C1BCF97009916B1 /* WeakRefVirtualProxy.swift */,
				B3EA7D262C1BCF97009916B1 /* FeedImageDataLoaderPresentationAdapter.swift */,
				B3EA7D2A2C1BCF97009916B1 /* FeedLoaderPresentationAdapter.swift */,
				B3EA7D252C1BCF97009916B1 /* FeedViewAdapter.swift */,
				B3C9C1E72B701FBF00C2BDC7 /* AppDelegate.swift */,
				B3C9C1E92B701FBF00C2BDC7 /* SceneDelegate.swift */,
				B321443A2B703EAE009F2E59 /* FeedLoaderWithFallbackComposite.swift */,
				B32144632B741093009F2E59 /* FeedImageDataLoaderWithFallbackComposite.swift */,
				B35504682C1A46A200C2443D /* FeedLoaderCacheDecorator.swift */,
				B35504722C1A4EA800C2443D /* FeedImageDataLoaderCacheDecorator.swift */,
				B3C9C1EB2B701FBF00C2BDC7 /* ViewController.swift */,
				B3C9C1ED2B701FBF00C2BDC7 /* Main.storyboard */,
				B3C9C1F02B701FC000C2BDC7 /* Assets.xcassets */,
				B3C9C1F22B701FC000C2BDC7 /* LaunchScreen.storyboard */,
				B3C9C1F52B701FC000C2BDC7 /* Info.plist */,
			);
			path = EssentialApp;
			sourceTree = "<group>";
		};
		B3C9C1FD2B701FC000C2BDC7 /* EssentialAppTests */ = {
			isa = PBXGroup;
			children = (
				B32144652B741136009F2E59 /* Helpers */,
				B32144382B702B62009F2E59 /* FeedLoaderWithFallbackCompositeTests.swift */,
				B34713002C168CD400D9CFB7 /* FeedLoaderCacheDecoratorTests.swift */,
				B321443C2B703F80009F2E59 /* FeedImageDataLoaderWithFallbackCompositeTests.swift */,
				B355046A2C1A473300C2443D /* FeedImageDataLoaderCacheDecoratorTests.swift */,
				B3EA7D432C1BCFEC009916B1 /* FeedUIIntegrationTests.swift */,
				B3EA7D232C1BC409009916B1 /* SceneDelegateTests.swift */,
				B3EA7D452C1BD216009916B1 /* FeedAcceptanceTests.swift */,
			);
			path = EssentialAppTests;
			sourceTree = "<group>";
		};
		B3C9C2072B701FC000C2BDC7 /* EssentialAppUITests */ = {
			isa = PBXGroup;
			children = (
				B3C9C2082B701FC000C2BDC7 /* EssentialAppUITests.swift */,
			);
			path = EssentialAppUITests;
			sourceTree = "<group>";
		};
		B3C9C2172B70200500C2BDC7 /* Frameworks */ = {
			isa = PBXGroup;
			children = (
				B3C9C2182B70200500C2BDC7 /* EssentialFeed.framework */,
				B3C9C2192B70200500C2BDC7 /* EssentialFeediOS.framework */,
			);
			name = Frameworks;
			sourceTree = "<group>";
		};
/* End PBXGroup section */

/* Begin PBXNativeTarget section */
		B3C9C1E32B701FBF00C2BDC7 /* EssentialApp */ = {
			isa = PBXNativeTarget;
			buildConfigurationList = B3C9C20E2B701FC000C2BDC7 /* Build configuration list for PBXNativeTarget "EssentialApp" */;
			buildPhases = (
				B3C9C1E02B701FBF00C2BDC7 /* Sources */,
				B3C9C1E12B701FBF00C2BDC7 /* Frameworks */,
				B3C9C1E22B701FBF00C2BDC7 /* Resources */,
				B3C9C21E2B70200500C2BDC7 /* Embed Frameworks */,
			);
			buildRules = (
			);
			dependencies = (
			);
			name = EssentialApp;
			productName = EssentialApp;
			productReference = B3C9C1E42B701FBF00C2BDC7 /* EssentialApp.app */;
			productType = "com.apple.product-type.application";
		};
		B3C9C1F92B701FC000C2BDC7 /* EssentialAppTests */ = {
			isa = PBXNativeTarget;
			buildConfigurationList = B3C9C2112B701FC000C2BDC7 /* Build configuration list for PBXNativeTarget "EssentialAppTests" */;
			buildPhases = (
				B3C9C1F62B701FC000C2BDC7 /* Sources */,
				B3C9C1F72B701FC000C2BDC7 /* Frameworks */,
				B3C9C1F82B701FC000C2BDC7 /* Resources */,
			);
			buildRules = (
			);
			dependencies = (
				B3C9C1FC2B701FC000C2BDC7 /* PBXTargetDependency */,
			);
			name = EssentialAppTests;
			productName = EssentialAppTests;
			productReference = B3C9C1FA2B701FC000C2BDC7 /* EssentialAppTests.xctest */;
			productType = "com.apple.product-type.bundle.unit-test";
		};
		B3C9C2032B701FC000C2BDC7 /* EssentialAppUITests */ = {
			isa = PBXNativeTarget;
			buildConfigurationList = B3C9C2142B701FC000C2BDC7 /* Build configuration list for PBXNativeTarget "EssentialAppUITests" */;
			buildPhases = (
				B3C9C2002B701FC000C2BDC7 /* Sources */,
				B3C9C2012B701FC000C2BDC7 /* Frameworks */,
				B3C9C2022B701FC000C2BDC7 /* Resources */,
			);
			buildRules = (
			);
			dependencies = (
				B3C9C2062B701FC000C2BDC7 /* PBXTargetDependency */,
			);
			name = EssentialAppUITests;
			productName = EssentialAppUITests;
			productReference = B3C9C2042B701FC000C2BDC7 /* EssentialAppUITests.xctest */;
			productType = "com.apple.product-type.bundle.ui-testing";
		};
/* End PBXNativeTarget section */

/* Begin PBXProject section */
		B3C9C1DC2B701FBF00C2BDC7 /* Project object */ = {
			isa = PBXProject;
			attributes = {
				BuildIndependentTargetsInParallel = 1;
				LastSwiftUpdateCheck = 1540;
				LastUpgradeCheck = 1520;
				TargetAttributes = {
					B3C9C1E32B701FBF00C2BDC7 = {
						CreatedOnToolsVersion = 15.2;
					};
					B3C9C1F92B701FC000C2BDC7 = {
						CreatedOnToolsVersion = 15.2;
						TestTargetID = B3C9C1E32B701FBF00C2BDC7;
					};
					B3C9C2032B701FC000C2BDC7 = {
						CreatedOnToolsVersion = 15.2;
						TestTargetID = B3C9C1E32B701FBF00C2BDC7;
					};
				};
			};
			buildConfigurationList = B3C9C1DF2B701FBF00C2BDC7 /* Build configuration list for PBXProject "EssentialApp" */;
			compatibilityVersion = "Xcode 14.0";
			developmentRegion = en;
			hasScannedForEncodings = 0;
			knownRegions = (
				en,
				Base,
			);
			mainGroup = B3C9C1DB2B701FBF00C2BDC7;
			productRefGroup = B3C9C1E52B701FBF00C2BDC7 /* Products */;
			projectDirPath = "";
			projectRoot = "";
			targets = (
				B3C9C1E32B701FBF00C2BDC7 /* EssentialApp */,
				B3C9C1F92B701FC000C2BDC7 /* EssentialAppTests */,
				B3C9C2032B701FC000C2BDC7 /* EssentialAppUITests */,
			);
		};
/* End PBXProject section */

/* Begin PBXResourcesBuildPhase section */
		B3C9C1E22B701FBF00C2BDC7 /* Resources */ = {
			isa = PBXResourcesBuildPhase;
			buildActionMask = 2147483647;
			files = (
				B3C9C1F42B701FC000C2BDC7 /* LaunchScreen.storyboard in Resources */,
				B3C9C1F12B701FC000C2BDC7 /* Assets.xcassets in Resources */,
				B3C9C1EF2B701FBF00C2BDC7 /* Main.storyboard in Resources */,
			);
			runOnlyForDeploymentPostprocessing = 0;
		};
		B3C9C1F82B701FC000C2BDC7 /* Resources */ = {
			isa = PBXResourcesBuildPhase;
			buildActionMask = 2147483647;
			files = (
			);
			runOnlyForDeploymentPostprocessing = 0;
		};
		B3C9C2022B701FC000C2BDC7 /* Resources */ = {
			isa = PBXResourcesBuildPhase;
			buildActionMask = 2147483647;
			files = (
			);
			runOnlyForDeploymentPostprocessing = 0;
		};
/* End PBXResourcesBuildPhase section */

/* Begin PBXSourcesBuildPhase section */
		B3C9C1E02B701FBF00C2BDC7 /* Sources */ = {
			isa = PBXSourcesBuildPhase;
			buildActionMask = 2147483647;
			files = (
				B3EA7D302C1BCF97009916B1 /* FeedViewAdapter.swift in Sources */,
				B3EA7D2D2C1BCF97009916B1 /* FeedLoaderPresentationAdapter.swift in Sources */,
				B3EA7D2F2C1BCF97009916B1 /* FeedImageDataLoaderPresentationAdapter.swift in Sources */,
				B3C9C1EC2B701FBF00C2BDC7 /* ViewController.swift in Sources */,
				B3EA7D2B2C1BCF97009916B1 /* FeedUIComposer.swift in Sources */,
				B3C9C1E82B701FBF00C2BDC7 /* AppDelegate.swift in Sources */,
				B321443B2B703EAE009F2E59 /* FeedLoaderWithFallbackComposite.swift in Sources */,
				B35504692C1A46A200C2443D /* FeedLoaderCacheDecorator.swift in Sources */,
				B3EA7D2C2C1BCF97009916B1 /* MainQueueDispatchDecorator.swift in Sources */,
				B3C9C1EA2B701FBF00C2BDC7 /* SceneDelegate.swift in Sources */,
				B32144642B741093009F2E59 /* FeedImageDataLoaderWithFallbackComposite.swift in Sources */,
				B3EA7D2E2C1BCF97009916B1 /* WeakRefVirtualProxy.swift in Sources */,
				B35504732C1A4EA800C2443D /* FeedImageDataLoaderCacheDecorator.swift in Sources */,
			);
			runOnlyForDeploymentPostprocessing = 0;
		};
		B3C9C1F62B701FC000C2BDC7 /* Sources */ = {
			isa = PBXSourcesBuildPhase;
			buildActionMask = 2147483647;
			files = (
				B32144692B7411DD009F2E59 /* SharedTestHelpers.swift in Sources */,
				B355046B2C1A473300C2443D /* FeedImageDataLoaderCacheDecoratorTests.swift in Sources */,
				B34713052C16998E00D9CFB7 /* XCTestCase+FeedLoader.swift in Sources */,
				B3EA7D3B2C1BCFD1009916B1 /* UIControl+TestHelpers.swift in Sources */,
				B355046F2C1A483800C2443D /* XCTestCase+FeedImageDataLoader.swift in Sources */,
				B3EA7D402C1BCFD1009916B1 /* FeedViewControllerTests+Localization.swift in Sources */,
				B3EA7D242C1BC409009916B1 /* SceneDelegateTests.swift in Sources */,
				B3EA7D422C1BCFD1009916B1 /* FeedImageCell+TestHelpers.swift in Sources */,
				B34713012C168CD400D9CFB7 /* FeedLoaderCacheDecoratorTests.swift in Sources */,
				B3EA7D3D2C1BCFD1009916B1 /* FeedViewControllerTests+LoaderSpy.swift in Sources */,
				B355046D2C1A478400C2443D /* FeedImageDataLoaderSpy.swift in Sources */,
				B3EA7D4A2C1BDE9A009916B1 /* InMemoryFeedStore.swift in Sources */,
				B321443D2B703F80009F2E59 /* FeedImageDataLoaderWithFallbackCompositeTests.swift in Sources */,
				B32144392B702B62009F2E59 /* FeedLoaderWithFallbackCompositeTests.swift in Sources */,
				B34713032C16981D00D9CFB7 /* FeedLoaderStub.swift in Sources */,
				B3EA7D3C2C1BCFD1009916B1 /* UIRefreshControl+TestHelpers.swift in Sources */,
				B3EA7D482C1BDE58009916B1 /* HTTPClientStub.swift in Sources */,
				B32144672B741140009F2E59 /* XCTestCase+MemoryLeakTracking.swift in Sources */,
				B3EA7D572C1CFE6C009916B1 /* UIView+TestHelpers.swift in Sources */,
				B3EA7D412C1BCFD1009916B1 /* FeedViewController+TestHelpers.swift in Sources */,
				B3EA7D3A2C1BCFD1009916B1 /* UIImage+TestHelpers.swift in Sources */,
				B3EA7D462C1BD216009916B1 /* FeedAcceptanceTests.swift in Sources */,
				B3EA7D3F2C1BCFD1009916B1 /* UIButton+TestHelpers.swift in Sources */,
				B3EA7D442C1BCFEC009916B1 /* FeedUIIntegrationTests.swift in Sources */,
				B3EA7D3E2C1BCFD1009916B1 /* FeedViewControllerTests+Assertions.swift in Sources */,
			);
			runOnlyForDeploymentPostprocessing = 0;
		};
		B3C9C2002B701FC000C2BDC7 /* Sources */ = {
			isa = PBXSourcesBuildPhase;
			buildActionMask = 2147483647;
			files = (
				B3C9C2092B701FC000C2BDC7 /* EssentialAppUITests.swift in Sources */,
			);
			runOnlyForDeploymentPostprocessing = 0;
		};
/* End PBXSourcesBuildPhase section */

/* Begin PBXTargetDependency section */
		B3C9C1FC2B701FC000C2BDC7 /* PBXTargetDependency */ = {
			isa = PBXTargetDependency;
			target = B3C9C1E32B701FBF00C2BDC7 /* EssentialApp */;
			targetProxy = B3C9C1FB2B701FC000C2BDC7 /* PBXContainerItemProxy */;
		};
		B3C9C2062B701FC000C2BDC7 /* PBXTargetDependency */ = {
			isa = PBXTargetDependency;
			target = B3C9C1E32B701FBF00C2BDC7 /* EssentialApp */;
			targetProxy = B3C9C2052B701FC000C2BDC7 /* PBXContainerItemProxy */;
		};
/* End PBXTargetDependency section */

/* Begin PBXVariantGroup section */
		B3C9C1ED2B701FBF00C2BDC7 /* Main.storyboard */ = {
			isa = PBXVariantGroup;
			children = (
				B3C9C1EE2B701FBF00C2BDC7 /* Base */,
			);
			name = Main.storyboard;
			sourceTree = "<group>";
		};
		B3C9C1F22B701FC000C2BDC7 /* LaunchScreen.storyboard */ = {
			isa = PBXVariantGroup;
			children = (
				B3C9C1F32B701FC000C2BDC7 /* Base */,
			);
			name = LaunchScreen.storyboard;
			sourceTree = "<group>";
		};
/* End PBXVariantGroup section */

/* Begin XCBuildConfiguration section */
		B3C9C20C2B701FC000C2BDC7 /* Debug */ = {
			isa = XCBuildConfiguration;
			buildSettings = {
				ALWAYS_SEARCH_USER_PATHS = NO;
				ASSETCATALOG_COMPILER_GENERATE_SWIFT_ASSET_SYMBOL_EXTENSIONS = YES;
				CLANG_ANALYZER_NONNULL = YES;
				CLANG_ANALYZER_NUMBER_OBJECT_CONVERSION = YES_AGGRESSIVE;
				CLANG_CXX_LANGUAGE_STANDARD = "gnu++20";
				CLANG_ENABLE_MODULES = YES;
				CLANG_ENABLE_OBJC_ARC = YES;
				CLANG_ENABLE_OBJC_WEAK = YES;
				CLANG_WARN_BLOCK_CAPTURE_AUTORELEASING = YES;
				CLANG_WARN_BOOL_CONVERSION = YES;
				CLANG_WARN_COMMA = YES;
				CLANG_WARN_CONSTANT_CONVERSION = YES;
				CLANG_WARN_DEPRECATED_OBJC_IMPLEMENTATIONS = YES;
				CLANG_WARN_DIRECT_OBJC_ISA_USAGE = YES_ERROR;
				CLANG_WARN_DOCUMENTATION_COMMENTS = YES;
				CLANG_WARN_EMPTY_BODY = YES;
				CLANG_WARN_ENUM_CONVERSION = YES;
				CLANG_WARN_INFINITE_RECURSION = YES;
				CLANG_WARN_INT_CONVERSION = YES;
				CLANG_WARN_NON_LITERAL_NULL_CONVERSION = YES;
				CLANG_WARN_OBJC_IMPLICIT_RETAIN_SELF = YES;
				CLANG_WARN_OBJC_LITERAL_CONVERSION = YES;
				CLANG_WARN_OBJC_ROOT_CLASS = YES_ERROR;
				CLANG_WARN_QUOTED_INCLUDE_IN_FRAMEWORK_HEADER = YES;
				CLANG_WARN_RANGE_LOOP_ANALYSIS = YES;
				CLANG_WARN_STRICT_PROTOTYPES = YES;
				CLANG_WARN_SUSPICIOUS_MOVE = YES;
				CLANG_WARN_UNGUARDED_AVAILABILITY = YES_AGGRESSIVE;
				CLANG_WARN_UNREACHABLE_CODE = YES;
				CLANG_WARN__DUPLICATE_METHOD_MATCH = YES;
				COPY_PHASE_STRIP = NO;
				DEBUG_INFORMATION_FORMAT = dwarf;
				ENABLE_STRICT_OBJC_MSGSEND = YES;
				ENABLE_TESTABILITY = YES;
				ENABLE_USER_SCRIPT_SANDBOXING = YES;
				GCC_C_LANGUAGE_STANDARD = gnu17;
				GCC_DYNAMIC_NO_PIC = NO;
				GCC_NO_COMMON_BLOCKS = YES;
				GCC_OPTIMIZATION_LEVEL = 0;
				GCC_PREPROCESSOR_DEFINITIONS = (
					"DEBUG=1",
					"$(inherited)",
				);
				GCC_WARN_64_TO_32_BIT_CONVERSION = YES;
				GCC_WARN_ABOUT_RETURN_TYPE = YES_ERROR;
				GCC_WARN_UNDECLARED_SELECTOR = YES;
				GCC_WARN_UNINITIALIZED_AUTOS = YES_AGGRESSIVE;
				GCC_WARN_UNUSED_FUNCTION = YES;
				GCC_WARN_UNUSED_VARIABLE = YES;
				IPHONEOS_DEPLOYMENT_TARGET = 17.2;
				LOCALIZATION_PREFERS_STRING_CATALOGS = YES;
				MTL_ENABLE_DEBUG_INFO = INCLUDE_SOURCE;
				MTL_FAST_MATH = YES;
				ONLY_ACTIVE_ARCH = YES;
				SDKROOT = iphoneos;
				SWIFT_ACTIVE_COMPILATION_CONDITIONS = "DEBUG $(inherited)";
				SWIFT_OPTIMIZATION_LEVEL = "-Onone";
			};
			name = Debug;
		};
		B3C9C20D2B701FC000C2BDC7 /* Release */ = {
			isa = XCBuildConfiguration;
			buildSettings = {
				ALWAYS_SEARCH_USER_PATHS = NO;
				ASSETCATALOG_COMPILER_GENERATE_SWIFT_ASSET_SYMBOL_EXTENSIONS = YES;
				CLANG_ANALYZER_NONNULL = YES;
				CLANG_ANALYZER_NUMBER_OBJECT_CONVERSION = YES_AGGRESSIVE;
				CLANG_CXX_LANGUAGE_STANDARD = "gnu++20";
				CLANG_ENABLE_MODULES = YES;
				CLANG_ENABLE_OBJC_ARC = YES;
				CLANG_ENABLE_OBJC_WEAK = YES;
				CLANG_WARN_BLOCK_CAPTURE_AUTORELEASING = YES;
				CLANG_WARN_BOOL_CONVERSION = YES;
				CLANG_WARN_COMMA = YES;
				CLANG_WARN_CONSTANT_CONVERSION = YES;
				CLANG_WARN_DEPRECATED_OBJC_IMPLEMENTATIONS = YES;
				CLANG_WARN_DIRECT_OBJC_ISA_USAGE = YES_ERROR;
				CLANG_WARN_DOCUMENTATION_COMMENTS = YES;
				CLANG_WARN_EMPTY_BODY = YES;
				CLANG_WARN_ENUM_CONVERSION = YES;
				CLANG_WARN_INFINITE_RECURSION = YES;
				CLANG_WARN_INT_CONVERSION = YES;
				CLANG_WARN_NON_LITERAL_NULL_CONVERSION = YES;
				CLANG_WARN_OBJC_IMPLICIT_RETAIN_SELF = YES;
				CLANG_WARN_OBJC_LITERAL_CONVERSION = YES;
				CLANG_WARN_OBJC_ROOT_CLASS = YES_ERROR;
				CLANG_WARN_QUOTED_INCLUDE_IN_FRAMEWORK_HEADER = YES;
				CLANG_WARN_RANGE_LOOP_ANALYSIS = YES;
				CLANG_WARN_STRICT_PROTOTYPES = YES;
				CLANG_WARN_SUSPICIOUS_MOVE = YES;
				CLANG_WARN_UNGUARDED_AVAILABILITY = YES_AGGRESSIVE;
				CLANG_WARN_UNREACHABLE_CODE = YES;
				CLANG_WARN__DUPLICATE_METHOD_MATCH = YES;
				COPY_PHASE_STRIP = NO;
				DEBUG_INFORMATION_FORMAT = "dwarf-with-dsym";
				ENABLE_NS_ASSERTIONS = NO;
				ENABLE_STRICT_OBJC_MSGSEND = YES;
				ENABLE_USER_SCRIPT_SANDBOXING = YES;
				GCC_C_LANGUAGE_STANDARD = gnu17;
				GCC_NO_COMMON_BLOCKS = YES;
				GCC_WARN_64_TO_32_BIT_CONVERSION = YES;
				GCC_WARN_ABOUT_RETURN_TYPE = YES_ERROR;
				GCC_WARN_UNDECLARED_SELECTOR = YES;
				GCC_WARN_UNINITIALIZED_AUTOS = YES_AGGRESSIVE;
				GCC_WARN_UNUSED_FUNCTION = YES;
				GCC_WARN_UNUSED_VARIABLE = YES;
				IPHONEOS_DEPLOYMENT_TARGET = 17.2;
				LOCALIZATION_PREFERS_STRING_CATALOGS = YES;
				MTL_ENABLE_DEBUG_INFO = NO;
				MTL_FAST_MATH = YES;
				SDKROOT = iphoneos;
				SWIFT_COMPILATION_MODE = wholemodule;
				VALIDATE_PRODUCT = YES;
			};
			name = Release;
		};
		B3C9C20F2B701FC000C2BDC7 /* Debug */ = {
			isa = XCBuildConfiguration;
			buildSettings = {
				ASSETCATALOG_COMPILER_APPICON_NAME = AppIcon;
				ASSETCATALOG_COMPILER_GLOBAL_ACCENT_COLOR_NAME = AccentColor;
				CODE_SIGN_STYLE = Automatic;
				CURRENT_PROJECT_VERSION = 1;
				DEVELOPMENT_TEAM = 5KNUB6Z8L9;
				GENERATE_INFOPLIST_FILE = YES;
				INFOPLIST_FILE = EssentialApp/Info.plist;
				INFOPLIST_KEY_UIApplicationSupportsIndirectInputEvents = YES;
				INFOPLIST_KEY_UILaunchStoryboardName = LaunchScreen;
				INFOPLIST_KEY_UIMainStoryboardFile = Main;
				INFOPLIST_KEY_UISupportedInterfaceOrientations = UIInterfaceOrientationPortrait;
				INFOPLIST_KEY_UISupportedInterfaceOrientations_iPad = "UIInterfaceOrientationLandscapeLeft UIInterfaceOrientationLandscapeRight UIInterfaceOrientationPortrait UIInterfaceOrientationPortraitUpsideDown";
				IPHONEOS_DEPLOYMENT_TARGET = 17.2;
				LD_RUNPATH_SEARCH_PATHS = (
					"$(inherited)",
					"@executable_path/Frameworks",
				);
				MARKETING_VERSION = 1.0;
				PRODUCT_BUNDLE_IDENTIFIER = jinz.EssentialApp;
				PRODUCT_NAME = "$(TARGET_NAME)";
				SWIFT_EMIT_LOC_STRINGS = YES;
				SWIFT_VERSION = 5.0;
				TARGETED_DEVICE_FAMILY = "1,2";
			};
			name = Debug;
		};
		B3C9C2102B701FC000C2BDC7 /* Release */ = {
			isa = XCBuildConfiguration;
			buildSettings = {
				ASSETCATALOG_COMPILER_APPICON_NAME = AppIcon;
				ASSETCATALOG_COMPILER_GLOBAL_ACCENT_COLOR_NAME = AccentColor;
				CODE_SIGN_STYLE = Automatic;
				CURRENT_PROJECT_VERSION = 1;
				DEVELOPMENT_TEAM = 5KNUB6Z8L9;
				GENERATE_INFOPLIST_FILE = YES;
				INFOPLIST_FILE = EssentialApp/Info.plist;
				INFOPLIST_KEY_UIApplicationSupportsIndirectInputEvents = YES;
				INFOPLIST_KEY_UILaunchStoryboardName = LaunchScreen;
				INFOPLIST_KEY_UIMainStoryboardFile = Main;
				INFOPLIST_KEY_UISupportedInterfaceOrientations = UIInterfaceOrientationPortrait;
				INFOPLIST_KEY_UISupportedInterfaceOrientations_iPad = "UIInterfaceOrientationLandscapeLeft UIInterfaceOrientationLandscapeRight UIInterfaceOrientationPortrait UIInterfaceOrientationPortraitUpsideDown";
				IPHONEOS_DEPLOYMENT_TARGET = 17.2;
				LD_RUNPATH_SEARCH_PATHS = (
					"$(inherited)",
					"@executable_path/Frameworks",
				);
				MARKETING_VERSION = 1.0;
				PRODUCT_BUNDLE_IDENTIFIER = jinz.EssentialApp;
				PRODUCT_NAME = "$(TARGET_NAME)";
				SWIFT_EMIT_LOC_STRINGS = YES;
				SWIFT_VERSION = 5.0;
				TARGETED_DEVICE_FAMILY = "1,2";
			};
			name = Release;
		};
		B3C9C2122B701FC000C2BDC7 /* Debug */ = {
			isa = XCBuildConfiguration;
			buildSettings = {
				ALWAYS_EMBED_SWIFT_STANDARD_LIBRARIES = YES;
				BUNDLE_LOADER = "$(TEST_HOST)";
				CODE_SIGN_STYLE = Automatic;
				CURRENT_PROJECT_VERSION = 1;
				DEVELOPMENT_TEAM = 5KNUB6Z8L9;
				GENERATE_INFOPLIST_FILE = YES;
				IPHONEOS_DEPLOYMENT_TARGET = 17.2;
				MARKETING_VERSION = 1.0;
				PRODUCT_BUNDLE_IDENTIFIER = jinz.EssentialAppTests;
				PRODUCT_NAME = "$(TARGET_NAME)";
				SWIFT_EMIT_LOC_STRINGS = NO;
				SWIFT_VERSION = 5.0;
				TARGETED_DEVICE_FAMILY = "1,2";
				TEST_HOST = "$(BUILT_PRODUCTS_DIR)/EssentialApp.app/$(BUNDLE_EXECUTABLE_FOLDER_PATH)/EssentialApp";
			};
			name = Debug;
		};
		B3C9C2132B701FC000C2BDC7 /* Release */ = {
			isa = XCBuildConfiguration;
			buildSettings = {
				ALWAYS_EMBED_SWIFT_STANDARD_LIBRARIES = YES;
				BUNDLE_LOADER = "$(TEST_HOST)";
				CODE_SIGN_STYLE = Automatic;
				CURRENT_PROJECT_VERSION = 1;
				DEVELOPMENT_TEAM = 5KNUB6Z8L9;
				GENERATE_INFOPLIST_FILE = YES;
				IPHONEOS_DEPLOYMENT_TARGET = 17.2;
				MARKETING_VERSION = 1.0;
				PRODUCT_BUNDLE_IDENTIFIER = jinz.EssentialAppTests;
				PRODUCT_NAME = "$(TARGET_NAME)";
				SWIFT_EMIT_LOC_STRINGS = NO;
				SWIFT_VERSION = 5.0;
				TARGETED_DEVICE_FAMILY = "1,2";
				TEST_HOST = "$(BUILT_PRODUCTS_DIR)/EssentialApp.app/$(BUNDLE_EXECUTABLE_FOLDER_PATH)/EssentialApp";
			};
			name = Release;
		};
		B3C9C2152B701FC000C2BDC7 /* Debug */ = {
			isa = XCBuildConfiguration;
			buildSettings = {
				ALWAYS_EMBED_SWIFT_STANDARD_LIBRARIES = YES;
				CODE_SIGN_STYLE = Automatic;
				CURRENT_PROJECT_VERSION = 1;
				DEVELOPMENT_TEAM = 5KNUB6Z8L9;
				GENERATE_INFOPLIST_FILE = YES;
				MARKETING_VERSION = 1.0;
				PRODUCT_BUNDLE_IDENTIFIER = jinz.EssentialAppUITests;
				PRODUCT_NAME = "$(TARGET_NAME)";
				SWIFT_EMIT_LOC_STRINGS = NO;
				SWIFT_VERSION = 5.0;
				TARGETED_DEVICE_FAMILY = "1,2";
				TEST_TARGET_NAME = EssentialApp;
			};
			name = Debug;
		};
		B3C9C2162B701FC000C2BDC7 /* Release */ = {
			isa = XCBuildConfiguration;
			buildSettings = {
				ALWAYS_EMBED_SWIFT_STANDARD_LIBRARIES = YES;
				CODE_SIGN_STYLE = Automatic;
				CURRENT_PROJECT_VERSION = 1;
				DEVELOPMENT_TEAM = 5KNUB6Z8L9;
				GENERATE_INFOPLIST_FILE = YES;
				MARKETING_VERSION = 1.0;
				PRODUCT_BUNDLE_IDENTIFIER = jinz.EssentialAppUITests;
				PRODUCT_NAME = "$(TARGET_NAME)";
				SWIFT_EMIT_LOC_STRINGS = NO;
				SWIFT_VERSION = 5.0;
				TARGETED_DEVICE_FAMILY = "1,2";
				TEST_TARGET_NAME = EssentialApp;
			};
			name = Release;
		};
/* End XCBuildConfiguration section */

/* Begin XCConfigurationList section */
		B3C9C1DF2B701FBF00C2BDC7 /* Build configuration list for PBXProject "EssentialApp" */ = {
			isa = XCConfigurationList;
			buildConfigurations = (
				B3C9C20C2B701FC000C2BDC7 /* Debug */,
				B3C9C20D2B701FC000C2BDC7 /* Release */,
			);
			defaultConfigurationIsVisible = 0;
			defaultConfigurationName = Release;
		};
		B3C9C20E2B701FC000C2BDC7 /* Build configuration list for PBXNativeTarget "EssentialApp" */ = {
			isa = XCConfigurationList;
			buildConfigurations = (
				B3C9C20F2B701FC000C2BDC7 /* Debug */,
				B3C9C2102B701FC000C2BDC7 /* Release */,
			);
			defaultConfigurationIsVisible = 0;
			defaultConfigurationName = Release;
		};
		B3C9C2112B701FC000C2BDC7 /* Build configuration list for PBXNativeTarget "EssentialAppTests" */ = {
			isa = XCConfigurationList;
			buildConfigurations = (
				B3C9C2122B701FC000C2BDC7 /* Debug */,
				B3C9C2132B701FC000C2BDC7 /* Release */,
			);
			defaultConfigurationIsVisible = 0;
			defaultConfigurationName = Release;
		};
		B3C9C2142B701FC000C2BDC7 /* Build configuration list for PBXNativeTarget "EssentialAppUITests" */ = {
			isa = XCConfigurationList;
			buildConfigurations = (
				B3C9C2152B701FC000C2BDC7 /* Debug */,
				B3C9C2162B701FC000C2BDC7 /* Release */,
			);
			defaultConfigurationIsVisible = 0;
			defaultConfigurationName = Release;
		};
/* End XCConfigurationList section */
	};
	rootObject = B3C9C1DC2B701FBF00C2BDC7 /* Project object */;
}
